<?xml version="1.0" encoding="utf-8"?>
<Project ToolsVersion="4.0" xmlns="http://schemas.microsoft.com/developer/msbuild/2003">
  <ItemGroup>
    <Filter Include="resource">
      <UniqueIdentifier>{b1af9c9b-cf91-449a-b65a-5d46f1f08c83}</UniqueIdentifier>
    </Filter>
    <Filter Include="src\airfield">
      <UniqueIdentifier>{d25bf916-4273-48c9-83f2-b388a668f29f}</UniqueIdentifier>
    </Filter>
    <Filter Include="src">
      <UniqueIdentifier>{419d2044-2e6b-4662-aa66-fdd08d87b626}</UniqueIdentifier>
    </Filter>
    <Filter Include="src\bootstrap">
      <UniqueIdentifier>{19b653e5-905c-4107-8932-8ab7740d7351}</UniqueIdentifier>
    </Filter>
    <Filter Include="src\command">
      <UniqueIdentifier>{72b89e43-10ee-448d-9179-b95e376278eb}</UniqueIdentifier>
    </Filter>
    <Filter Include="src\controller">
      <UniqueIdentifier>{c33e413e-a28e-46d3-b141-8a64482b8e8b}</UniqueIdentifier>
    </Filter>
    <Filter Include="src\countdown">
      <UniqueIdentifier>{7bb15eb7-9ade-4537-a73a-a579c6bca3bc}</UniqueIdentifier>
    </Filter>
    <Filter Include="src\datablock">
      <UniqueIdentifier>{77c6b71e-4000-40a9-a30c-c0ee6ba26c44}</UniqueIdentifier>
    </Filter>
    <Filter Include="src\dependency">
      <UniqueIdentifier>{02b406d7-48f8-405c-a01a-50703a5e67d9}</UniqueIdentifier>
    </Filter>
    <Filter Include="src\euroscope">
      <UniqueIdentifier>{42c619c4-bdc6-4f9e-9edb-ad4e27a533ed}</UniqueIdentifier>
    </Filter>
    <Filter Include="src\flightplan">
      <UniqueIdentifier>{b096c963-0258-4231-ac35-d3172df95581}</UniqueIdentifier>
    </Filter>
    <Filter Include="src\graphics">
      <UniqueIdentifier>{66e5515e-02e7-4a41-afc3-5b4e52cdbd0c}</UniqueIdentifier>
    </Filter>
    <Filter Include="src\historytrail">
      <UniqueIdentifier>{3215e3ee-02bf-41c7-aced-e8d1c75f97f8}</UniqueIdentifier>
    </Filter>
    <Filter Include="src\initialaltitude">
      <UniqueIdentifier>{b2c430f4-c9f9-472b-a87a-73b8582f9cb7}</UniqueIdentifier>
    </Filter>
    <Filter Include="src\intention">
      <UniqueIdentifier>{ed1a2be9-7e59-461d-988b-283afb4db1f4}</UniqueIdentifier>
    </Filter>
    <Filter Include="src\login">
      <UniqueIdentifier>{486931aa-1199-48b0-9abf-bf7ac301a3da}</UniqueIdentifier>
    </Filter>
    <Filter Include="src\message">
      <UniqueIdentifier>{ac1b0705-e4f9-42a8-a6de-169b296413c7}</UniqueIdentifier>
    </Filter>
    <Filter Include="src\metar">
      <UniqueIdentifier>{8cb761b1-4af0-4418-9876-f896dbec9827}</UniqueIdentifier>
    </Filter>
    <Filter Include="src\minstack">
      <UniqueIdentifier>{e7cbd24b-598d-4395-8661-e2c4158b9305}</UniqueIdentifier>
    </Filter>
    <Filter Include="src\offblock">
      <UniqueIdentifier>{0ee3d440-03b5-48ee-8d7f-07fa90b2b7e1}</UniqueIdentifier>
    </Filter>
    <Filter Include="src\plugin">
      <UniqueIdentifier>{30db552e-81e6-4785-9fe3-4eda76866c4e}</UniqueIdentifier>
    </Filter>
    <Filter Include="src\prenote">
      <UniqueIdentifier>{f56e0618-5d68-4e45-82bc-55342ebec62f}</UniqueIdentifier>
    </Filter>
    <Filter Include="src\radarscreen">
      <UniqueIdentifier>{4187ca71-9d6d-42ce-a54a-b640e858be1e}</UniqueIdentifier>
    </Filter>
    <Filter Include="src\squawk">
      <UniqueIdentifier>{9c29be6e-3c16-4613-b5f2-3a5c27c2eea5}</UniqueIdentifier>
    </Filter>
    <Filter Include="src\tag">
      <UniqueIdentifier>{1c9104f6-d5cb-4526-bb07-340f0c8fb7ba}</UniqueIdentifier>
    </Filter>
    <Filter Include="src\task">
      <UniqueIdentifier>{2a3ca710-6460-439b-bb31-123bfc9cb5c0}</UniqueIdentifier>
    </Filter>
    <Filter Include="src\timedevent">
      <UniqueIdentifier>{6dd0046b-4623-4dfc-9ee7-8462a077796c}</UniqueIdentifier>
    </Filter>
    <Filter Include="resource\sound">
      <UniqueIdentifier>{682d614a-f88f-4651-82b3-3255fe71008a}</UniqueIdentifier>
    </Filter>
    <Filter Include="src\pch">
      <UniqueIdentifier>{8ad4886f-3d76-45d7-94cd-95efb3211f25}</UniqueIdentifier>
    </Filter>
    <Filter Include="src\wake">
      <UniqueIdentifier>{33f04493-b7ed-43ec-a004-61ca98cb71e4}</UniqueIdentifier>
    </Filter>
    <Filter Include="src\hold">
      <UniqueIdentifier>{93c29766-c3d5-47e0-8cfd-5d71d115cd0e}</UniqueIdentifier>
    </Filter>
    <Filter Include="src\push">
      <UniqueIdentifier>{ae5b89fa-f548-48d4-9a2a-f651295aeeb4}</UniqueIdentifier>
    </Filter>
    <Filter Include="src\sectorfile">
      <UniqueIdentifier>{61c300dc-1834-4381-b018-2c7380756930}</UniqueIdentifier>
    </Filter>
    <Filter Include="src\handoff">
      <UniqueIdentifier>{085e3771-d978-4fc0-bd1c-51bc74794325}</UniqueIdentifier>
    </Filter>
    <Filter Include="src\ownership">
      <UniqueIdentifier>{6f1abdb9-e7c9-4c6e-8be1-7a9aaab34ec6}</UniqueIdentifier>
    </Filter>
    <Filter Include="src\regional">
      <UniqueIdentifier>{05e23cc3-415e-4bb7-8e85-0cdad310c649}</UniqueIdentifier>
    </Filter>
    <Filter Include="src\srd">
      <UniqueIdentifier>{5f1c7726-0075-4d0b-883b-51f257857acb}</UniqueIdentifier>
    </Filter>
    <Filter Include="src\navaids">
      <UniqueIdentifier>{8aa7f56a-92f3-42d0-9097-63a8c0ac61a1}</UniqueIdentifier>
    </Filter>
    <Filter Include="src\stands">
      <UniqueIdentifier>{e8eedfab-3e7e-4875-9485-c7fea0d1fd40}</UniqueIdentifier>
    </Filter>
    <Filter Include="src\releases">
      <UniqueIdentifier>{27638ea8-4c02-42f1-a831-fa2951a6b3db}</UniqueIdentifier>
    </Filter>
    <Filter Include="src\integration">
      <UniqueIdentifier>{0acb7a6a-6973-4c79-8276-312c7e76dd17}</UniqueIdentifier>
    </Filter>
    <Filter Include="src\time">
      <UniqueIdentifier>{30a69e36-14c8-4510-878c-078d10bcca27}</UniqueIdentifier>
    </Filter>
    <Filter Include="src\notifications">
      <UniqueIdentifier>{fa57f24c-c6ec-4426-aa14-bed215621718}</UniqueIdentifier>
    </Filter>
    <Filter Include="src\flightinformationservice">
      <UniqueIdentifier>{8da5b16f-8a28-43c6-95c8-4020f0a8adf8}</UniqueIdentifier>
    </Filter>
    <Filter Include="src\api">
      <UniqueIdentifier>{91dce47e-ea92-4c1b-b1ed-5a792baecff7}</UniqueIdentifier>
    </Filter>
    <Filter Include="src\oceanic">
      <UniqueIdentifier>{627b4719-ef1f-450d-a4b1-929ec242b990}</UniqueIdentifier>
    </Filter>
    <Filter Include="src\sid">
      <UniqueIdentifier>{af24d112-0445-4640-a5de-9e8cc640aceb}</UniqueIdentifier>
    </Filter>
    <Filter Include="src\initialheading">
      <UniqueIdentifier>{a732eccf-1336-457a-8597-2f558558027c}</UniqueIdentifier>
    </Filter>
    <Filter Include="src\components">
      <UniqueIdentifier>{bb7c490c-3f8f-4f8f-b927-0c6fd6683ffd}</UniqueIdentifier>
    </Filter>
    <Filter Include="src\timer">
      <UniqueIdentifier>{6450b077-67f8-46e3-a43d-2fbe69517379}</UniqueIdentifier>
    </Filter>
  </ItemGroup>
  <ItemGroup>
    <ClInclude Include="airfield\AirfieldCollection.h">
      <Filter>src\airfield</Filter>
    </ClInclude>
    <ClInclude Include="airfield\AirfieldCollectionFactory.h">
      <Filter>src\airfield</Filter>
    </ClInclude>
    <ClInclude Include="airfield\NormaliseSid.h">
      <Filter>src\airfield</Filter>
    </ClInclude>
    <ClInclude Include="bootstrap\BootstrapWarningMessage.h">
      <Filter>src\bootstrap</Filter>
    </ClInclude>
    <ClInclude Include="bootstrap\CollectionBootstrap.h">
      <Filter>src\bootstrap</Filter>
    </ClInclude>
    <ClInclude Include="bootstrap\EventHandlerCollectionBootstrap.h">
      <Filter>src\bootstrap</Filter>
    </ClInclude>
    <ClInclude Include="bootstrap\ExternalsBootstrap.h">
      <Filter>src\bootstrap</Filter>
    </ClInclude>
    <ClInclude Include="bootstrap\HelperBootstrap.h">
      <Filter>src\bootstrap</Filter>
    </ClInclude>
    <ClInclude Include="bootstrap\InitialisePlugin.h">
      <Filter>src\bootstrap</Filter>
    </ClInclude>
    <ClInclude Include="bootstrap\PersistenceContainer.h">
      <Filter>src\bootstrap</Filter>
    </ClInclude>
    <ClInclude Include="bootstrap\PostInit.h">
      <Filter>src\bootstrap</Filter>
    </ClInclude>
    <ClInclude Include="command\CommandHandlerCollection.h">
      <Filter>src\command</Filter>
    </ClInclude>
    <ClInclude Include="command\CommandHandlerInterface.h">
      <Filter>src\command</Filter>
    </ClInclude>
    <ClInclude Include="controller\ActiveCallsign.h">
      <Filter>src\controller</Filter>
    </ClInclude>
    <ClInclude Include="controller\ActiveCallsignCollection.h">
      <Filter>src\controller</Filter>
    </ClInclude>
    <ClInclude Include="controller\ControllerPosition.h">
      <Filter>src\controller</Filter>
    </ClInclude>
    <ClInclude Include="controller\ControllerPositionCollection.h">
      <Filter>src\controller</Filter>
    </ClInclude>
    <ClInclude Include="controller\ControllerPositionCollectionFactory.h">
      <Filter>src\controller</Filter>
    </ClInclude>
    <ClInclude Include="controller\ControllerPositionHierarchy.h">
      <Filter>src\controller</Filter>
    </ClInclude>
    <ClInclude Include="controller\ControllerPositionHierarchyFactory.h">
      <Filter>src\controller</Filter>
    </ClInclude>
    <ClInclude Include="controller\ControllerPositionParser.h">
      <Filter>src\controller</Filter>
    </ClInclude>
    <ClInclude Include="controller\ControllerStatusEventHandlerCollection.h">
      <Filter>src\controller</Filter>
    </ClInclude>
    <ClInclude Include="controller\ControllerStatusEventHandlerInterface.h">
      <Filter>src\controller</Filter>
    </ClInclude>
    <ClInclude Include="countdown\CountdownModule.h">
      <Filter>src\countdown</Filter>
    </ClInclude>
    <ClInclude Include="countdown\CountdownRenderer.h">
      <Filter>src\countdown</Filter>
    </ClInclude>
    <ClInclude Include="countdown\CountdownTimer.h">
      <Filter>src\countdown</Filter>
    </ClInclude>
    <ClInclude Include="datablock\DisplayTime.h">
      <Filter>src\datablock</Filter>
    </ClInclude>
    <ClInclude Include="euroscope\AsrEventHandlerCollection.h">
      <Filter>src\euroscope</Filter>
    </ClInclude>
    <ClInclude Include="euroscope\AsrEventHandlerInterface.h">
      <Filter>src\euroscope</Filter>
    </ClInclude>
    <ClInclude Include="euroscope\CallbackFunction.h">
      <Filter>src\euroscope</Filter>
    </ClInclude>
    <ClInclude Include="euroscope\CompareFunctions.h">
      <Filter>src\euroscope</Filter>
    </ClInclude>
    <ClInclude Include="euroscope\EuroScopeCControllerInterface.h">
      <Filter>src\euroscope</Filter>
    </ClInclude>
    <ClInclude Include="euroscope\EuroScopeCControllerWrapper.h">
      <Filter>src\euroscope</Filter>
    </ClInclude>
    <ClInclude Include="euroscope\EuroScopeCFlightPlanInterface.h">
      <Filter>src\euroscope</Filter>
    </ClInclude>
    <ClInclude Include="euroscope\EuroScopeCFlightPlanWrapper.h">
      <Filter>src\euroscope</Filter>
    </ClInclude>
    <ClInclude Include="euroscope\EuroScopeCRadarTargetInterface.h">
      <Filter>src\euroscope</Filter>
    </ClInclude>
    <ClInclude Include="euroscope\EuroScopeCRadarTargetPositionDataInterface.h">
      <Filter>src\euroscope</Filter>
    </ClInclude>
    <ClInclude Include="euroscope\EuroScopeCRadarTargetWrapper.h">
      <Filter>src\euroscope</Filter>
    </ClInclude>
    <ClInclude Include="euroscope\EuroscopeExtractedRouteInterface.h">
      <Filter>src\euroscope</Filter>
    </ClInclude>
    <ClInclude Include="euroscope\EuroscopePluginLoopbackInterface.h">
      <Filter>src\euroscope</Filter>
    </ClInclude>
    <ClInclude Include="euroscope\EuroScopeRadarLoopbackInterface.h">
      <Filter>src\euroscope</Filter>
    </ClInclude>
    <ClInclude Include="euroscope\GeneralSettingsConfiguration.h">
      <Filter>src\euroscope</Filter>
    </ClInclude>
    <ClInclude Include="euroscope\GeneralSettingsConfigurationBootstrap.h">
      <Filter>src\euroscope</Filter>
    </ClInclude>
    <ClInclude Include="euroscope\GeneralSettingsDialog.h">
      <Filter>src\euroscope</Filter>
    </ClInclude>
    <ClInclude Include="euroscope\GeneralSettingsEntries.h">
      <Filter>src\euroscope</Filter>
    </ClInclude>
    <ClInclude Include="euroscope\PluginUserSettingBootstrap.h">
      <Filter>src\euroscope</Filter>
    </ClInclude>
    <ClInclude Include="euroscope\UserSetting.h">
      <Filter>src\euroscope</Filter>
    </ClInclude>
    <ClInclude Include="euroscope\UserSettingProviderInterface.h">
      <Filter>src\euroscope</Filter>
    </ClInclude>
    <ClInclude Include="flightplan\FlightPlanEventHandlerCollection.h">
      <Filter>src\flightplan</Filter>
    </ClInclude>
    <ClInclude Include="flightplan\FlightPlanEventHandlerInterface.h">
      <Filter>src\flightplan</Filter>
    </ClInclude>
    <ClInclude Include="flightplan\FlightplanStorageBootstrap.h">
      <Filter>src\flightplan</Filter>
    </ClInclude>
    <ClInclude Include="flightplan\StoredFlightplan.h">
      <Filter>src\flightplan</Filter>
    </ClInclude>
    <ClInclude Include="flightplan\StoredFlightplanCollection.h">
      <Filter>src\flightplan</Filter>
    </ClInclude>
    <ClInclude Include="flightplan\StoredFlightplanEventHandler.h">
      <Filter>src\flightplan</Filter>
    </ClInclude>
    <ClInclude Include="graphics\GdiGraphicsInterface.h">
      <Filter>src\graphics</Filter>
    </ClInclude>
    <ClInclude Include="graphics\GdiGraphicsWrapper.h">
      <Filter>src\graphics</Filter>
    </ClInclude>
    <ClInclude Include="graphics\GdiplusBrushes.h">
      <Filter>src\graphics</Filter>
    </ClInclude>
    <ClInclude Include="historytrail\AircraftHistoryTrail.h">
      <Filter>src\historytrail</Filter>
    </ClInclude>
    <ClInclude Include="historytrail\HistoryTrailData.h">
      <Filter>src\historytrail</Filter>
    </ClInclude>
    <ClInclude Include="historytrail\HistoryTrailDialog.h">
      <Filter>src\historytrail</Filter>
    </ClInclude>
    <ClInclude Include="historytrail\HistoryTrailEventHandler.h">
      <Filter>src\historytrail</Filter>
    </ClInclude>
    <ClInclude Include="historytrail\HistoryTrailModule.h">
      <Filter>src\historytrail</Filter>
    </ClInclude>
    <ClInclude Include="historytrail\HistoryTrailRenderer.h">
      <Filter>src\historytrail</Filter>
    </ClInclude>
    <ClInclude Include="historytrail\HistoryTrailRepository.h">
      <Filter>src\historytrail</Filter>
    </ClInclude>
    <ClInclude Include="initialaltitude\InitialAltitudeEventHandler.h">
      <Filter>src\initialaltitude</Filter>
    </ClInclude>
    <ClInclude Include="initialaltitude\InitialAltitudeModule.h">
      <Filter>src\initialaltitude</Filter>
    </ClInclude>
    <ClInclude Include="intention\AirfieldGroup.h">
      <Filter>src\intention</Filter>
    </ClInclude>
    <ClInclude Include="intention\AmsterdamAirfieldGroup.h">
      <Filter>src\intention</Filter>
    </ClInclude>
    <ClInclude Include="intention\BrusselsAirfieldGroup.h">
      <Filter>src\intention</Filter>
    </ClInclude>
    <ClInclude Include="intention\DublinAirfieldGroup.h">
      <Filter>src\intention</Filter>
    </ClInclude>
    <ClInclude Include="intention\HomeAirfieldGroup.h">
      <Filter>src\intention</Filter>
    </ClInclude>
    <ClInclude Include="intention\IntentionCodeCache.h">
      <Filter>src\intention</Filter>
    </ClInclude>
    <ClInclude Include="intention\IntentionCodeData.h">
      <Filter>src\intention</Filter>
    </ClInclude>
    <ClInclude Include="intention\IntentionCodeEventHandler.h">
      <Filter>src\intention</Filter>
    </ClInclude>
    <ClInclude Include="intention\IntentionCodeFactory.h">
      <Filter>src\intention</Filter>
    </ClInclude>
    <ClInclude Include="intention\IntentionCodeGenerator.h">
      <Filter>src\intention</Filter>
    </ClInclude>
    <ClInclude Include="intention\IntentionCodeModule.h">
      <Filter>src\intention</Filter>
    </ClInclude>
    <ClInclude Include="intention\SectorExitPoint.h">
      <Filter>src\intention</Filter>
    </ClInclude>
    <ClInclude Include="intention\SectorExitPointEtrat.h">
      <Filter>src\intention</Filter>
    </ClInclude>
    <ClInclude Include="intention\SectorExitPointLelna.h">
      <Filter>src\intention</Filter>
    </ClInclude>
    <ClInclude Include="intention\SectorExitPointVeule.h">
      <Filter>src\intention</Filter>
    </ClInclude>
    <ClInclude Include="intention\SectorExitRepository.h">
      <Filter>src\intention</Filter>
    </ClInclude>
    <ClInclude Include="intention\SectorExitRepositoryFactory.h">
      <Filter>src\intention</Filter>
    </ClInclude>
    <ClInclude Include="intention\ShannonAirfieldGroup.h">
      <Filter>src\intention</Filter>
    </ClInclude>
    <ClInclude Include="login\Login.h">
      <Filter>src\login</Filter>
    </ClInclude>
    <ClInclude Include="login\LoginModule.h">
      <Filter>src\login</Filter>
    </ClInclude>
    <ClInclude Include="message\MessageSerializableInterface.h">
      <Filter>src\message</Filter>
    </ClInclude>
    <ClInclude Include="message\UserMessager.h">
      <Filter>src\message</Filter>
    </ClInclude>
    <ClInclude Include="message\UserMessagerBootstrap.h">
      <Filter>src\message</Filter>
    </ClInclude>
    <ClInclude Include="metar\MetarEventHandlerCollection.h">
      <Filter>src\metar</Filter>
    </ClInclude>
    <ClInclude Include="metar\MetarEventHandlerInterface.h">
      <Filter>src\metar</Filter>
    </ClInclude>
    <ClInclude Include="minstack\MinStackManager.h">
      <Filter>src\minstack</Filter>
    </ClInclude>
    <ClInclude Include="minstack\MinStackModule.h">
      <Filter>src\minstack</Filter>
    </ClInclude>
    <ClInclude Include="minstack\MinStackRenderer.h">
      <Filter>src\minstack</Filter>
    </ClInclude>
    <ClInclude Include="offblock\ActualOffBlockTimeBootstrap.h">
      <Filter>src\offblock</Filter>
    </ClInclude>
    <ClInclude Include="offblock\ActualOffBlockTimeEventHandler.h">
      <Filter>src\offblock</Filter>
    </ClInclude>
    <ClInclude Include="offblock\EstimatedOffBlockTimeEventHandler.h">
      <Filter>src\offblock</Filter>
    </ClInclude>
    <ClInclude Include="plugin\FunctionCallEventHandler.h">
      <Filter>src\plugin</Filter>
    </ClInclude>
    <ClInclude Include="plugin\PopupMenuItem.h">
      <Filter>src\plugin</Filter>
    </ClInclude>
    <ClInclude Include="plugin\UKPlugin.h">
      <Filter>src\plugin</Filter>
    </ClInclude>
    <ClInclude Include="plugin\UkPluginBootstrap.h">
      <Filter>src\plugin</Filter>
    </ClInclude>
    <ClInclude Include="prenote\AbstractPrenote.h">
      <Filter>src\prenote</Filter>
    </ClInclude>
    <ClInclude Include="prenote\AirfieldPairingPrenote.h">
      <Filter>src\prenote</Filter>
    </ClInclude>
    <ClInclude Include="prenote\DeparturePrenote.h">
      <Filter>src\prenote</Filter>
    </ClInclude>
    <ClInclude Include="prenote\PrenoteEventHandler.h">
      <Filter>src\prenote</Filter>
    </ClInclude>
    <ClInclude Include="prenote\PrenoteFactory.h">
      <Filter>src\prenote</Filter>
    </ClInclude>
    <ClInclude Include="prenote\PrenoteMessage.h">
      <Filter>src\prenote</Filter>
    </ClInclude>
    <ClInclude Include="prenote\PrenoteModule.h">
      <Filter>src\prenote</Filter>
    </ClInclude>
    <ClInclude Include="prenote\PrenoteService.h">
      <Filter>src\prenote</Filter>
    </ClInclude>
    <ClInclude Include="prenote\PrenoteServiceFactory.h">
      <Filter>src\prenote</Filter>
    </ClInclude>
    <ClInclude Include="radarscreen\ConfigurableDisplayCollection.h">
      <Filter>src\radarscreen</Filter>
    </ClInclude>
    <ClInclude Include="radarscreen\ConfigurableDisplayInterface.h">
      <Filter>src\radarscreen</Filter>
    </ClInclude>
    <ClInclude Include="radarscreen\RadarRenderableCollection.h">
      <Filter>src\radarscreen</Filter>
    </ClInclude>
    <ClInclude Include="radarscreen\RadarRenderableInterface.h">
      <Filter>src\radarscreen</Filter>
    </ClInclude>
    <ClInclude Include="radarscreen\RadarScreenFactory.h">
      <Filter>src\radarscreen</Filter>
    </ClInclude>
    <ClInclude Include="radarscreen\ScreenControls.h">
      <Filter>src\radarscreen</Filter>
    </ClInclude>
    <ClInclude Include="radarscreen\ScreenControlsBootstrap.h">
      <Filter>src\radarscreen</Filter>
    </ClInclude>
    <ClInclude Include="radarscreen\UKRadarScreen.h">
      <Filter>src\radarscreen</Filter>
    </ClInclude>
    <ClInclude Include="squawk\SquawkAssignment.h">
      <Filter>src\squawk</Filter>
    </ClInclude>
    <ClInclude Include="squawk\SquawkEventHandler.h">
      <Filter>src\squawk</Filter>
    </ClInclude>
    <ClInclude Include="squawk\SquawkGenerator.h">
      <Filter>src\squawk</Filter>
    </ClInclude>
    <ClInclude Include="squawk\SquawkModule.h">
      <Filter>src\squawk</Filter>
    </ClInclude>
    <ClInclude Include="tag\TagFunction.h">
      <Filter>src\tag</Filter>
    </ClInclude>
    <ClInclude Include="tag\TagItemCollection.h">
      <Filter>src\tag</Filter>
    </ClInclude>
    <ClInclude Include="tag\TagItemInterface.h">
      <Filter>src\tag</Filter>
    </ClInclude>
    <ClInclude Include="task\TaskRunner.h">
      <Filter>src\task</Filter>
    </ClInclude>
    <ClInclude Include="task\TaskRunnerInterface.h">
      <Filter>src\task</Filter>
    </ClInclude>
    <ClInclude Include="timedevent\AbstractTimedEvent.h">
      <Filter>src\timedevent</Filter>
    </ClInclude>
    <ClInclude Include="timedevent\TimedEventCollection.h">
      <Filter>src\timedevent</Filter>
    </ClInclude>
    <ClInclude Include="euroscope\RadarTargetEventHandlerCollection.h">
      <Filter>src\euroscope</Filter>
    </ClInclude>
    <ClInclude Include="euroscope\RadarTargetEventHandlerInterface.h">
      <Filter>src\euroscope</Filter>
    </ClInclude>
    <ClInclude Include="offblock\EstimatedOffBlockTimeBootstrap.h">
      <Filter>src\offblock</Filter>
    </ClInclude>
    <ClInclude Include="..\..\resource\resource.h">
      <Filter>resource</Filter>
    </ClInclude>
    <ClInclude Include="pch\stdafx.h">
      <Filter>src\pch</Filter>
    </ClInclude>
    <ClInclude Include="offblock\EstimatedDepartureTimeBootstrap.h">
      <Filter>src\offblock</Filter>
    </ClInclude>
    <ClInclude Include="offblock\EstimatedDepartureTimeEventHandler.h">
      <Filter>src\offblock</Filter>
    </ClInclude>
    <ClInclude Include="wake\WakeCategoryMapper.h">
      <Filter>src\wake</Filter>
    </ClInclude>
    <ClInclude Include="wake\WakeCategoryEventHandler.h">
      <Filter>src\wake</Filter>
    </ClInclude>
    <ClInclude Include="wake\CreateWakeMappings.h">
      <Filter>src\wake</Filter>
    </ClInclude>
    <ClInclude Include="wake\WakeModule.h">
      <Filter>src\wake</Filter>
    </ClInclude>
    <ClInclude Include="squawk\SquawkRequest.h">
      <Filter>src\squawk</Filter>
    </ClInclude>
    <ClInclude Include="hold\HoldingData.h">
      <Filter>src\hold</Filter>
    </ClInclude>
    <ClInclude Include="hold\CompareHolds.h">
      <Filter>src\hold</Filter>
    </ClInclude>
    <ClInclude Include="hold\HoldingAircraft.h">
      <Filter>src\hold</Filter>
    </ClInclude>
    <ClInclude Include="hold\HoldManager.h">
      <Filter>src\hold</Filter>
    </ClInclude>
    <ClInclude Include="hold\CompareHoldingAircraft.h">
      <Filter>src\hold</Filter>
    </ClInclude>
    <ClInclude Include="hold\HoldEventHandler.h">
      <Filter>src\hold</Filter>
    </ClInclude>
    <ClInclude Include="hold\HoldModule.h">
      <Filter>src\hold</Filter>
    </ClInclude>
    <ClInclude Include="hold\HoldDisplayFunctions.h">
      <Filter>src\hold</Filter>
    </ClInclude>
    <ClInclude Include="euroscope\UserSettingAwareInterface.h">
      <Filter>src\euroscope</Filter>
    </ClInclude>
    <ClInclude Include="euroscope\UserSettingAwareCollection.h">
      <Filter>src\euroscope</Filter>
    </ClInclude>
    <ClInclude Include="euroscope\LoadDefaultUserSettings.h">
      <Filter>src\euroscope</Filter>
    </ClInclude>
    <ClInclude Include="squawk\ApiSquawkAllocationHandler.h">
      <Filter>src\squawk</Filter>
    </ClInclude>
    <ClInclude Include="squawk\ApiSquawkAllocation.h">
      <Filter>src\squawk</Filter>
    </ClInclude>
    <ClInclude Include="hold\HoldSelectionMenu.h">
      <Filter>src\hold</Filter>
    </ClInclude>
    <ClInclude Include="controller\TranslateFrequencyAbbreviation.h">
      <Filter>src\controller</Filter>
    </ClInclude>
    <ClInclude Include="hold\HoldConfigurationDialog.h">
      <Filter>src\hold</Filter>
    </ClInclude>
    <ClInclude Include="hold\HoldingDataSerializer.h">
      <Filter>src\hold</Filter>
    </ClInclude>
    <ClInclude Include="hold\CompareHoldsDescription.h">
      <Filter>src\hold</Filter>
    </ClInclude>
    <ClInclude Include="hold\AbstractHoldLevelRestriction.h">
      <Filter>src\hold</Filter>
    </ClInclude>
    <ClInclude Include="hold\BlockedHoldLevelRestriction.h">
      <Filter>src\hold</Filter>
    </ClInclude>
    <ClInclude Include="hold\BlockedHoldLevelRestrictionSerializer.h">
      <Filter>src\hold</Filter>
    </ClInclude>
    <ClInclude Include="hold\HoldRestrictionSerializer.h">
      <Filter>src\hold</Filter>
    </ClInclude>
    <ClInclude Include="hold\HoldRenderer.h">
      <Filter>src\hold</Filter>
    </ClInclude>
    <ClInclude Include="hold\HoldConfigurationMenuItem.h">
      <Filter>src\hold</Filter>
    </ClInclude>
    <ClInclude Include="hold\HoldDisplayManager.h">
      <Filter>src\hold</Filter>
    </ClInclude>
    <ClInclude Include="metar\PressureMonitor.h">
      <Filter>src\metar</Filter>
    </ClInclude>
    <ClInclude Include="metar\MetarParsingFunctions.h">
      <Filter>src\metar</Filter>
    </ClInclude>
    <ClInclude Include="metar\PressureChangeMessage.h">
      <Filter>src\metar</Filter>
    </ClInclude>
    <ClInclude Include="metar\PressureMonitorBootstrap.h">
      <Filter>src\metar</Filter>
    </ClInclude>
    <ClInclude Include="countdown\TimerConfigurationManager.h">
      <Filter>src\countdown</Filter>
    </ClInclude>
    <ClInclude Include="countdown\TimerConfiguration.h">
      <Filter>src\countdown</Filter>
    </ClInclude>
    <ClInclude Include="countdown\TimerConfigurationDialog.h">
      <Filter>src\countdown</Filter>
    </ClInclude>
    <ClInclude Include="countdown\GlobalCountdownSettingFunctions.h">
      <Filter>src\countdown</Filter>
    </ClInclude>
    <ClInclude Include="datablock\DatablockBoostrap.h">
      <Filter>src\datablock</Filter>
    </ClInclude>
    <ClInclude Include="radarscreen\PositionResetCommand.h">
      <Filter>src\radarscreen</Filter>
    </ClInclude>
    <ClInclude Include="minstack\MinStackLevel.h">
      <Filter>src\minstack</Filter>
    </ClInclude>
    <ClInclude Include="minstack\MinStackRenderedItem.h">
      <Filter>src\minstack</Filter>
    </ClInclude>
    <ClInclude Include="minstack\MinStackRendererConfiguration.h">
      <Filter>src\minstack</Filter>
    </ClInclude>
    <ClInclude Include="minstack\MinStackConfigurationDialog.h">
      <Filter>src\minstack</Filter>
    </ClInclude>
    <ClInclude Include="hold\MinStackHoldLevelRestriction.h">
      <Filter>src\hold</Filter>
    </ClInclude>
    <ClInclude Include="hold\MinStackHoldLevelRestrictionSerializer.h">
      <Filter>src\hold</Filter>
    </ClInclude>
    <ClInclude Include="euroscope\EuroscopeSectorFileElementInterface.h">
      <Filter>src\euroscope</Filter>
    </ClInclude>
    <ClInclude Include="euroscope\EuroscopeSectorFileElementWrapper.h">
      <Filter>src\euroscope</Filter>
    </ClInclude>
    <ClInclude Include="sectorfile\SectorFileBootstrap.h">
      <Filter>src\sectorfile</Filter>
    </ClInclude>
    <ClInclude Include="sectorfile\SectorFileProviderInterface.h">
      <Filter>src\sectorfile</Filter>
    </ClInclude>
    <ClInclude Include="euroscope\RunwayDialogAwareInterface.h">
      <Filter>src\euroscope</Filter>
    </ClInclude>
    <ClInclude Include="sectorfile\Runway.h">
      <Filter>src\sectorfile</Filter>
    </ClInclude>
    <ClInclude Include="sectorfile\RunwayCollection.h">
      <Filter>src\sectorfile</Filter>
    </ClInclude>
    <ClInclude Include="euroscope\RunwayDialogAwareCollection.h">
      <Filter>src\euroscope</Filter>
    </ClInclude>
    <ClInclude Include="handoff\HandoffCollection.h">
      <Filter>src\handoff</Filter>
    </ClInclude>
    <ClInclude Include="dependency\UpdateDependencies.h">
      <Filter>src\dependency</Filter>
    </ClInclude>
    <ClInclude Include="dependency\DependencyLoader.h">
      <Filter>src\dependency</Filter>
    </ClInclude>
    <ClInclude Include="dependency\DependencyLoaderInterface.h">
      <Filter>src\dependency</Filter>
    </ClInclude>
    <ClInclude Include="handoff\HandoffModule.h">
      <Filter>src\handoff</Filter>
    </ClInclude>
    <ClInclude Include="handoff\HandoffEventHandler.h">
      <Filter>src\handoff</Filter>
    </ClInclude>
    <ClInclude Include="handoff\HandoffCollectionFactory.h">
      <Filter>src\handoff</Filter>
    </ClInclude>
    <ClInclude Include="handoff\CachedHandoff.h">
      <Filter>src\handoff</Filter>
    </ClInclude>
    <ClInclude Include="controller\ActiveCallsignEventHandlerInterface.h">
      <Filter>src\controller</Filter>
    </ClInclude>
    <ClInclude Include="controller\ActiveCallsignMonitor.h">
      <Filter>src\controller</Filter>
    </ClInclude>
    <ClInclude Include="controller\ControllerBootstrap.h">
      <Filter>src\controller</Filter>
    </ClInclude>
    <ClInclude Include="ownership\AirfieldOwnershipManager.h">
      <Filter>src\ownership</Filter>
    </ClInclude>
    <ClInclude Include="ownership\AirfieldOwnershipModule.h">
      <Filter>src\ownership</Filter>
    </ClInclude>
    <ClInclude Include="airfield\AirfieldModel.h">
      <Filter>src\airfield</Filter>
    </ClInclude>
    <ClInclude Include="ownership\AirfieldsOwnedQueryMessage.h">
      <Filter>src\ownership</Filter>
    </ClInclude>
    <ClInclude Include="ownership\AirfieldOwnerQueryMessage.h">
      <Filter>src\ownership</Filter>
    </ClInclude>
    <ClInclude Include="ownership\AirfieldOwnershipHandler.h">
      <Filter>src\ownership</Filter>
    </ClInclude>
    <ClInclude Include="regional\RegionalPressureRenderer.h">
      <Filter>src\regional</Filter>
    </ClInclude>
    <ClInclude Include="regional\RegionalPressureRendererConfiguration.h">
      <Filter>src\regional</Filter>
    </ClInclude>
    <ClInclude Include="regional\RegionalPressureConfigurationDialog.h">
      <Filter>src\regional</Filter>
    </ClInclude>
    <ClInclude Include="regional\RegionalPressureManager.h">
      <Filter>src\regional</Filter>
    </ClInclude>
    <ClInclude Include="regional\RegionalPressureModule.h">
      <Filter>src\regional</Filter>
    </ClInclude>
    <ClInclude Include="regional\RegionalPressureRenderedItem.h">
      <Filter>src\regional</Filter>
    </ClInclude>
    <ClInclude Include="regional\RegionalPressure.h">
      <Filter>src\regional</Filter>
    </ClInclude>
    <ClInclude Include="regional\RegionalPressureManagerFactory.h">
      <Filter>src\regional</Filter>
    </ClInclude>
    <ClInclude Include="srd\SrdModule.h">
      <Filter>src\srd</Filter>
    </ClInclude>
    <ClInclude Include="srd\SrdSearchDialog.h">
      <Filter>src\srd</Filter>
    </ClInclude>
    <ClInclude Include="srd\SrdSearchHandler.h">
      <Filter>src\srd</Filter>
    </ClInclude>
    <ClInclude Include="intention\SectorExitPointScottish.h">
      <Filter>src\intention</Filter>
    </ClInclude>
    <ClInclude Include="datablock\DatablockFunctions.h">
      <Filter>src\datablock</Filter>
    </ClInclude>
    <ClInclude Include="navaids\NavaidCollection.h">
      <Filter>src\navaids</Filter>
    </ClInclude>
    <ClInclude Include="navaids\CompareNavaids.h">
      <Filter>src\navaids</Filter>
    </ClInclude>
    <ClInclude Include="navaids\Navaid.h">
      <Filter>src\navaids</Filter>
    </ClInclude>
    <ClInclude Include="navaids\NavaidModule.h">
      <Filter>src\navaids</Filter>
    </ClInclude>
    <ClInclude Include="hold\PublishedHoldCollection.h">
      <Filter>src\hold</Filter>
    </ClInclude>
    <ClInclude Include="hold\PublishedHoldCollectionFactory.h">
      <Filter>src\hold</Filter>
    </ClInclude>
    <ClInclude Include="hold\HoldDisplayFactory.h">
      <Filter>src\hold</Filter>
    </ClInclude>
    <ClInclude Include="hold\HoldDisplay.h">
      <Filter>src\hold</Filter>
    </ClInclude>
    <ClInclude Include="hold\HoldDisplayConfigurationDialog.h">
      <Filter>src\hold</Filter>
    </ClInclude>
    <ClInclude Include="sectorfile\SectorFileCoordinates.h">
      <Filter>src\sectorfile</Filter>
    </ClInclude>
    <ClInclude Include="stands\Stand.h">
      <Filter>src\stands</Filter>
    </ClInclude>
    <ClInclude Include="stands\StandSerializer.h">
      <Filter>src\stands</Filter>
    </ClInclude>
    <ClInclude Include="stands\CompareStands.h">
      <Filter>src\stands</Filter>
    </ClInclude>
    <ClInclude Include="releases\EnrouteReleaseType.h">
      <Filter>src\releases</Filter>
    </ClInclude>
    <ClInclude Include="releases\ReleaseModule.h">
      <Filter>src\releases</Filter>
    </ClInclude>
    <ClInclude Include="releases\EnrouteReleaseTypesSerializer.h">
      <Filter>src\releases</Filter>
    </ClInclude>
    <ClInclude Include="tag\TagData.h">
      <Filter>src\tag</Filter>
    </ClInclude>
    <ClInclude Include="releases\EnrouteReleaseEventHandler.h">
      <Filter>src\releases</Filter>
    </ClInclude>
    <ClInclude Include="releases\CompareEnrouteReleaseTypes.h">
      <Filter>src\releases</Filter>
    </ClInclude>
    <ClInclude Include="releases\EnrouteRelease.h">
      <Filter>src\releases</Filter>
    </ClInclude>
    <ClInclude Include="controller\HandoffEventHandlerInterface.h">
      <Filter>src\controller</Filter>
    </ClInclude>
    <ClInclude Include="controller\HandoffEventHandlerCollection.h">
      <Filter>src\controller</Filter>
    </ClInclude>
    <ClInclude Include="stands\StandModule.h">
      <Filter>src\stands</Filter>
    </ClInclude>
    <ClInclude Include="stands\StandEventHandler.h">
      <Filter>src\stands</Filter>
    </ClInclude>
    <ClInclude Include="integration\ExternalMessageEventHandler.h">
      <Filter>src\integration</Filter>
    </ClInclude>
    <ClInclude Include="integration\HiddenWindow.h">
      <Filter>src\integration</Filter>
    </ClInclude>
    <ClInclude Include="integration\ExternalMessageHandlerInterface.h">
      <Filter>src\integration</Filter>
    </ClInclude>
    <ClInclude Include="integration\IntegrationModule.h">
      <Filter>src\integration</Filter>
    </ClInclude>
    <ClInclude Include="wake\CacheItem.h">
      <Filter>src\wake</Filter>
    </ClInclude>
    <ClInclude Include="intention\SectorExitPointKonan.h">
      <Filter>src\intention</Filter>
    </ClInclude>
    <ClInclude Include="notifications\Notification.h">
      <Filter>src\notifications</Filter>
    </ClInclude>
    <ClInclude Include="notifications\NotificationsRepositoryFactory.h">
      <Filter>src\notifications</Filter>
    </ClInclude>
    <ClInclude Include="notifications\NotificationsModule.h">
      <Filter>src\notifications</Filter>
    </ClInclude>
    <ClInclude Include="notifications\NotificationsRepository.h">
      <Filter>src\notifications</Filter>
    </ClInclude>
    <ClInclude Include="time\ParseTimeStrings.h">
      <Filter>src\time</Filter>
    </ClInclude>
    <ClInclude Include="notifications\NotificationsMenuItem.h">
      <Filter>src\notifications</Filter>
    </ClInclude>
    <ClInclude Include="notifications\NotificationsDialog.h">
      <Filter>src\notifications</Filter>
    </ClInclude>
    <ClInclude Include="notifications\NotificationsEventHandler.h">
      <Filter>src\notifications</Filter>
    </ClInclude>
    <ClInclude Include="notifications\UnreadNotificationsMessage.h">
      <Filter>src\notifications</Filter>
    </ClInclude>
    <ClInclude Include="plugin\PluginInformationMessage.h">
      <Filter>src\plugin</Filter>
    </ClInclude>
    <ClInclude Include="plugin\PluginInformationBootstrap.h">
      <Filter>src\plugin</Filter>
    </ClInclude>
    <ClInclude Include="plugin\PluginHelpPage.h">
      <Filter>src\plugin</Filter>
    </ClInclude>
    <ClInclude Include="flightinformationservice\FlightInformationServiceTagItem.h">
      <Filter>src\flightinformationservice</Filter>
    </ClInclude>
    <ClInclude Include="flightinformationservice\FlightInformationServiceModule.h">
      <Filter>src\flightinformationservice</Filter>
    </ClInclude>
    <ClInclude Include="hold\DeemedSeparatedHold.h">
      <Filter>src\hold</Filter>
    </ClInclude>
    <ClInclude Include="hold\DeemedSeparatedHoldSerializer.h">
      <Filter>src\hold</Filter>
    </ClInclude>
    <ClInclude Include="api\ApiConfigurationMenuItem.h">
      <Filter>src\api</Filter>
    </ClInclude>
    <ClInclude Include="oceanic\Clearance.h">
      <Filter>src\oceanic</Filter>
    </ClInclude>
    <ClInclude Include="oceanic\OceanicEventHandler.h">
      <Filter>src\oceanic</Filter>
    </ClInclude>
    <ClInclude Include="oceanic\OceanicModule.h">
      <Filter>src\oceanic</Filter>
    </ClInclude>
    <ClInclude Include="oceanic\OceanicClearanceDialog.h">
      <Filter>src\oceanic</Filter>
    </ClInclude>
    <ClInclude Include="sid\StandardInstrumentDeparture.h">
      <Filter>src\sid</Filter>
    </ClInclude>
    <ClInclude Include="sid\SidCollection.h">
      <Filter>src\sid</Filter>
    </ClInclude>
    <ClInclude Include="sid\SidCollectionFactory.h">
      <Filter>src\sid</Filter>
    </ClInclude>
    <ClInclude Include="sid\SidModule.h">
      <Filter>src\sid</Filter>
    </ClInclude>
    <ClInclude Include="initialheading\InitialHeadingEventHandler.h">
      <Filter>src\initialheading</Filter>
    </ClInclude>
    <ClInclude Include="initialheading\InitialHeadingModule.h">
      <Filter>src\initialheading</Filter>
    </ClInclude>
    <ClInclude Include="plugin\PluginChangelog.h">
      <Filter>src\plugin</Filter>
    </ClInclude>
    <ClInclude Include="plugin\ForceUpdate.h">
      <Filter>src\plugin</Filter>
    </ClInclude>
    <ClInclude Include="integration\MessageInterface.h">
      <Filter>src\integration</Filter>
    </ClInclude>
    <ClInclude Include="integration\MessageType.h">
      <Filter>src\integration</Filter>
    </ClInclude>
    <ClInclude Include="euroscope\EuroscopeFlightplanListWrapper.h">
      <Filter>src\euroscope</Filter>
    </ClInclude>
    <ClInclude Include="euroscope\EuroscopeFlightplanListInterface.h">
      <Filter>src\euroscope</Filter>
    </ClInclude>
    <ClInclude Include="components\ClickableArea.h">
      <Filter>src\components</Filter>
    </ClInclude>
    <ClInclude Include="components\StandardButtons.h">
      <Filter>src\components</Filter>
    </ClInclude>
    <ClInclude Include="components\TitleBar.h">
      <Filter>src\components</Filter>
    </ClInclude>
    <ClInclude Include="components\BrushSwitcher.h">
      <Filter>src\components</Filter>
    </ClInclude>
    <ClInclude Include="components\Button.h">
      <Filter>src\components</Filter>
    </ClInclude>
    <ClInclude Include="timer\TimerDisplay.h">
      <Filter>src\timer</Filter>
    </ClInclude>
    <ClInclude Include="push\PushEventProcessorCollection.h">
      <Filter>src\push</Filter>
    </ClInclude>
    <ClInclude Include="push\PushEventProcessorInterface.h">
      <Filter>src\push</Filter>
    </ClInclude>
    <ClInclude Include="push\PushEvent.h">
      <Filter>src\push</Filter>
    </ClInclude>
    <ClInclude Include="push\PushEventProxyConnection.h">
      <Filter>src\push</Filter>
    </ClInclude>
    <ClInclude Include="push\PushEventProxyHandler.h">
      <Filter>src\push</Filter>
    </ClInclude>
    <ClInclude Include="push\PushEventProxyWindow.h">
      <Filter>src\push</Filter>
    </ClInclude>
    <ClInclude Include="push\PushEventSubscription.h">
      <Filter>src\push</Filter>
    </ClInclude>
    <ClInclude Include="push\InterpretPushEvent.h">
      <Filter>src\push</Filter>
    </ClInclude>
    <ClInclude Include="push\PollingPushEventConnection.h">
      <Filter>src\push</Filter>
    </ClInclude>
    <ClInclude Include="push\PushEventProtocolHandler.h">
      <Filter>src\push</Filter>
    </ClInclude>
    <ClInclude Include="push\PushEventBootstrap.h">
      <Filter>src\push</Filter>
    </ClInclude>
    <ClInclude Include="push\PushEventConnectionInterface.h">
      <Filter>src\push</Filter>
    </ClInclude>
    <ClInclude Include="releases\CompareDepartureReleases.h">
      <Filter>src\releases</Filter>
    </ClInclude>
    <ClInclude Include="releases\ApproveDepartureReleaseDialog.h">
      <Filter>src\releases</Filter>
    </ClInclude>
    <ClInclude Include="releases\DepartureReleaseRequest.h">
      <Filter>src\releases</Filter>
    </ClInclude>
    <ClInclude Include="releases\DepartureReleaseRequestView.h">
      <Filter>src\releases</Filter>
    </ClInclude>
    <ClInclude Include="releases\DepartureReleaseCountdownColours.h">
      <Filter>src\releases</Filter>
    </ClInclude>
    <ClInclude Include="releases\DepartureReleaseDecisionList.h">
      <Filter>src\releases</Filter>
    </ClInclude>
    <ClInclude Include="releases\DepartureReleaseEventHandler.h">
      <Filter>src\releases</Filter>
    </ClInclude>
    <ClInclude Include="releases\RequestDepartureReleaseDialog.h">
      <Filter>src\releases</Filter>
    </ClInclude>
    <ClInclude Include="releases\ToggleDepartureReleaseDecisionList.h">
      <Filter>src\releases</Filter>
    </ClInclude>
    <ClInclude Include="releases\DepartureReleaseColours.h">
      <Filter>src\releases</Filter>
    </ClInclude>
    <ClInclude Include="historytrail\HistoryTrailPoint.h">
      <Filter>src\historytrail</Filter>
    </ClInclude>
    <ClInclude Include="integration\IntegrationClient.h">
      <Filter>src\integration</Filter>
    </ClInclude>
    <ClInclude Include="integration\IntegrationConnection.h">
      <Filter>src\integration</Filter>
    </ClInclude>
    <ClInclude Include="integration\InboundMessage.h">
      <Filter>src\integration</Filter>
    </ClInclude>
    <ClInclude Include="integration\IntegrationServer.h">
      <Filter>src\integration</Filter>
    </ClInclude>
    <ClInclude Include="integration\SocketConnection.h">
      <Filter>src\integration</Filter>
    </ClInclude>
    <ClInclude Include="integration\IntegrationClientManager.h">
      <Filter>src\integration</Filter>
    </ClInclude>
    <ClInclude Include="integration\ClientInitialisationManager.h">
      <Filter>src\integration</Filter>
    </ClInclude>
    <ClInclude Include="integration\Connection.h">
      <Filter>src\integration</Filter>
    </ClInclude>
    <ClInclude Include="integration\SocketInterface.h">
      <Filter>src\integration</Filter>
    </ClInclude>
    <ClInclude Include="integration\SocketWrapper.h">
      <Filter>src\integration</Filter>
    </ClInclude>
    <ClInclude Include="integration\InitialisationSuccessMessage.h">
      <Filter>src\integration</Filter>
    </ClInclude>
    <ClInclude Include="integration\OutboundIntegrationMessageHandler.h">
      <Filter>src\integration</Filter>
    </ClInclude>
    <ClInclude Include="integration\InboundIntegrationMessageHandler.h">
      <Filter>src\integration</Filter>
    </ClInclude>
    <ClInclude Include="integration\InboundIntegrationMessageProcessor.h">
      <Filter>src\integration</Filter>
    </ClInclude>
    <ClInclude Include="integration\IntegrationPersistenceContainer.h">
      <Filter>src\integration</Filter>
    </ClInclude>
    <ClInclude Include="integration\InitialisationFailureMessage.h">
      <Filter>src\integration</Filter>
    </ClInclude>
    <ClInclude Include="intention\IntentionCodeUpdatedMessage.h">
      <Filter>src\intention</Filter>
    </ClInclude>
    <ClInclude Include="integration\OutboundIntegrationEventHandler.h">
      <Filter>src\integration</Filter>
    </ClInclude>
    <ClInclude Include="handoff\HandoffFrequencyUpdatedMessage.h">
      <Filter>src\handoff</Filter>
    </ClInclude>
    <ClInclude Include="integration\DummyOutboundIntegrationMessageHandler.h">
      <Filter>src\integration</Filter>
    </ClInclude>
  </ItemGroup>
  <ItemGroup>
    <ResourceCompile Include="..\..\resource\UKControllerPlugin.rc">
      <Filter>resource</Filter>
    </ResourceCompile>
  </ItemGroup>
  <ItemGroup>
    <Media Include="..\..\resource\sound\beep.wav">
      <Filter>resource\sound</Filter>
    </Media>
    <Media Include="..\..\resource\sound\departure_release_requested.wav">
      <Filter>resource\sound</Filter>
    </Media>
    <Media Include="..\..\resource\sound\departure_release_accepted.wav">
      <Filter>resource\sound</Filter>
    </Media>
    <Media Include="..\..\resource\sound\departure_release_rejected.wav">
      <Filter>resource\sound</Filter>
    </Media>
  </ItemGroup>
  <ItemGroup>
    <ClCompile Include="airfield\AirfieldCollection.cpp">
      <Filter>src\airfield</Filter>
    </ClCompile>
    <ClCompile Include="airfield\AirfieldCollectionFactory.cpp">
      <Filter>src\airfield</Filter>
    </ClCompile>
    <ClCompile Include="airfield\NormaliseSid.cpp">
      <Filter>src\airfield</Filter>
    </ClCompile>
    <ClCompile Include="bootstrap\BootstrapWarningMessage.cpp">
      <Filter>src\bootstrap</Filter>
    </ClCompile>
    <ClCompile Include="bootstrap\CollectionBootstrap.cpp">
      <Filter>src\bootstrap</Filter>
    </ClCompile>
    <ClCompile Include="bootstrap\DllInterface.cpp">
      <Filter>src\bootstrap</Filter>
    </ClCompile>
    <ClCompile Include="bootstrap\EventHandlerCollectionBootstrap.cpp">
      <Filter>src\bootstrap</Filter>
    </ClCompile>
    <ClCompile Include="bootstrap\ExternalsBootstrap.cpp">
      <Filter>src\bootstrap</Filter>
    </ClCompile>
    <ClCompile Include="bootstrap\HelperBootstrap.cpp">
      <Filter>src\bootstrap</Filter>
    </ClCompile>
    <ClCompile Include="bootstrap\InitialisePlugin.cpp">
      <Filter>src\bootstrap</Filter>
    </ClCompile>
    <ClCompile Include="bootstrap\PostInit.cpp">
      <Filter>src\bootstrap</Filter>
    </ClCompile>
    <ClCompile Include="command\CommandHandlerCollection.cpp">
      <Filter>src\command</Filter>
    </ClCompile>
    <ClCompile Include="controller\ActiveCallsign.cpp">
      <Filter>src\controller</Filter>
    </ClCompile>
    <ClCompile Include="controller\ActiveCallsignCollection.cpp">
      <Filter>src\controller</Filter>
    </ClCompile>
    <ClCompile Include="controller\ControllerPosition.cpp">
      <Filter>src\controller</Filter>
    </ClCompile>
    <ClCompile Include="controller\ControllerPositionCollection.cpp">
      <Filter>src\controller</Filter>
    </ClCompile>
    <ClCompile Include="controller\ControllerPositionCollectionFactory.cpp">
      <Filter>src\controller</Filter>
    </ClCompile>
    <ClCompile Include="controller\ControllerPositionHierarchy.cpp">
      <Filter>src\controller</Filter>
    </ClCompile>
    <ClCompile Include="controller\ControllerPositionHierarchyFactory.cpp">
      <Filter>src\controller</Filter>
    </ClCompile>
    <ClCompile Include="controller\ControllerPositionParser.cpp">
      <Filter>src\controller</Filter>
    </ClCompile>
    <ClCompile Include="controller\ControllerStatusEventHandlerCollection.cpp">
      <Filter>src\controller</Filter>
    </ClCompile>
    <ClCompile Include="countdown\CountdownModule.cpp">
      <Filter>src\countdown</Filter>
    </ClCompile>
    <ClCompile Include="countdown\CountdownRenderer.cpp">
      <Filter>src\countdown</Filter>
    </ClCompile>
    <ClCompile Include="countdown\CountdownTimer.cpp">
      <Filter>src\countdown</Filter>
    </ClCompile>
    <ClCompile Include="datablock\DisplayTime.cpp">
      <Filter>src\datablock</Filter>
    </ClCompile>
    <ClCompile Include="euroscope\AsrEventHandlerCollection.cpp">
      <Filter>src\euroscope</Filter>
    </ClCompile>
    <ClCompile Include="euroscope\CallbackFunction.cpp">
      <Filter>src\euroscope</Filter>
    </ClCompile>
    <ClCompile Include="euroscope\CompareFunctions.cpp">
      <Filter>src\euroscope</Filter>
    </ClCompile>
    <ClCompile Include="euroscope\EuroScopeCControllerWrapper.cpp">
      <Filter>src\euroscope</Filter>
    </ClCompile>
    <ClCompile Include="euroscope\EuroScopeCFlightPlanWrapper.cpp">
      <Filter>src\euroscope</Filter>
    </ClCompile>
    <ClCompile Include="euroscope\EuroScopeCRadarTargetWrapper.cpp">
      <Filter>src\euroscope</Filter>
    </ClCompile>
    <ClCompile Include="euroscope\EuroscopeExtractedRouteInterface.cpp">
      <Filter>src\euroscope</Filter>
    </ClCompile>
    <ClCompile Include="euroscope\GeneralSettingsConfiguration.cpp">
      <Filter>src\euroscope</Filter>
    </ClCompile>
    <ClCompile Include="euroscope\GeneralSettingsConfigurationBootstrap.cpp">
      <Filter>src\euroscope</Filter>
    </ClCompile>
    <ClCompile Include="euroscope\GeneralSettingsDialog.cpp">
      <Filter>src\euroscope</Filter>
    </ClCompile>
    <ClCompile Include="euroscope\GeneralSettingsEntries.cpp">
      <Filter>src\euroscope</Filter>
    </ClCompile>
    <ClCompile Include="euroscope\PluginUserSettingBootstrap.cpp">
      <Filter>src\euroscope</Filter>
    </ClCompile>
    <ClCompile Include="euroscope\UserSetting.cpp">
      <Filter>src\euroscope</Filter>
    </ClCompile>
    <ClCompile Include="flightplan\FlightPlanEventHandlerCollection.cpp">
      <Filter>src\flightplan</Filter>
    </ClCompile>
    <ClCompile Include="flightplan\FlightplanStorageBootstrap.cpp">
      <Filter>src\flightplan</Filter>
    </ClCompile>
    <ClCompile Include="flightplan\StoredFlightplan.cpp">
      <Filter>src\flightplan</Filter>
    </ClCompile>
    <ClCompile Include="flightplan\StoredFlightplanCollection.cpp">
      <Filter>src\flightplan</Filter>
    </ClCompile>
    <ClCompile Include="flightplan\StoredFlightplanEventHandler.cpp">
      <Filter>src\flightplan</Filter>
    </ClCompile>
    <ClCompile Include="graphics\GdiGraphicsWrapper.cpp">
      <Filter>src\graphics</Filter>
    </ClCompile>
    <ClCompile Include="historytrail\AircraftHistoryTrail.cpp">
      <Filter>src\historytrail</Filter>
    </ClCompile>
    <ClCompile Include="historytrail\HistoryTrailDialog.cpp">
      <Filter>src\historytrail</Filter>
    </ClCompile>
    <ClCompile Include="historytrail\HistoryTrailEventHandler.cpp">
      <Filter>src\historytrail</Filter>
    </ClCompile>
    <ClCompile Include="historytrail\HistoryTrailModule.cpp">
      <Filter>src\historytrail</Filter>
    </ClCompile>
    <ClCompile Include="historytrail\HistoryTrailRenderer.cpp">
      <Filter>src\historytrail</Filter>
    </ClCompile>
    <ClCompile Include="historytrail\HistoryTrailRepository.cpp">
      <Filter>src\historytrail</Filter>
    </ClCompile>
    <ClCompile Include="initialaltitude\InitialAltitudeEventHandler.cpp">
      <Filter>src\initialaltitude</Filter>
    </ClCompile>
    <ClCompile Include="initialaltitude\InitialAltitudeModule.cpp">
      <Filter>src\initialaltitude</Filter>
    </ClCompile>
    <ClCompile Include="intention\AirfieldGroup.cpp">
      <Filter>src\intention</Filter>
    </ClCompile>
    <ClCompile Include="intention\AmsterdamAirfieldGroup.cpp">
      <Filter>src\intention</Filter>
    </ClCompile>
    <ClCompile Include="intention\BrusselsAirfieldGroup.cpp">
      <Filter>src\intention</Filter>
    </ClCompile>
    <ClCompile Include="intention\DublinAirfieldGroup.cpp">
      <Filter>src\intention</Filter>
    </ClCompile>
    <ClCompile Include="intention\HomeAirfieldGroup.cpp">
      <Filter>src\intention</Filter>
    </ClCompile>
    <ClCompile Include="intention\IntentionCodeCache.cpp">
      <Filter>src\intention</Filter>
    </ClCompile>
    <ClCompile Include="intention\IntentionCodeEventHandler.cpp">
      <Filter>src\intention</Filter>
    </ClCompile>
    <ClCompile Include="intention\IntentionCodeFactory.cpp">
      <Filter>src\intention</Filter>
    </ClCompile>
    <ClCompile Include="intention\IntentionCodeGenerator.cpp">
      <Filter>src\intention</Filter>
    </ClCompile>
    <ClCompile Include="intention\IntentionCodeModule.cpp">
      <Filter>src\intention</Filter>
    </ClCompile>
    <ClCompile Include="intention\SectorExitPoint.cpp">
      <Filter>src\intention</Filter>
    </ClCompile>
    <ClCompile Include="intention\SectorExitPointEtrat.cpp">
      <Filter>src\intention</Filter>
    </ClCompile>
    <ClCompile Include="intention\SectorExitPointLelna.cpp">
      <Filter>src\intention</Filter>
    </ClCompile>
    <ClCompile Include="intention\SectorExitPointVeule.cpp">
      <Filter>src\intention</Filter>
    </ClCompile>
    <ClCompile Include="intention\SectorExitRepository.cpp">
      <Filter>src\intention</Filter>
    </ClCompile>
    <ClCompile Include="intention\SectorExitRepositoryFactory.cpp">
      <Filter>src\intention</Filter>
    </ClCompile>
    <ClCompile Include="intention\ShannonAirfieldGroup.cpp">
      <Filter>src\intention</Filter>
    </ClCompile>
    <ClCompile Include="login\Login.cpp">
      <Filter>src\login</Filter>
    </ClCompile>
    <ClCompile Include="login\LoginModule.cpp">
      <Filter>src\login</Filter>
    </ClCompile>
    <ClCompile Include="message\UserMessager.cpp">
      <Filter>src\message</Filter>
    </ClCompile>
    <ClCompile Include="message\UserMessagerBootstrap.cpp">
      <Filter>src\message</Filter>
    </ClCompile>
    <ClCompile Include="metar\MetarEventHandlerCollection.cpp">
      <Filter>src\metar</Filter>
    </ClCompile>
    <ClCompile Include="minstack\MinStackManager.cpp">
      <Filter>src\minstack</Filter>
    </ClCompile>
    <ClCompile Include="minstack\MinStackModule.cpp">
      <Filter>src\minstack</Filter>
    </ClCompile>
    <ClCompile Include="minstack\MinStackRenderer.cpp">
      <Filter>src\minstack</Filter>
    </ClCompile>
    <ClCompile Include="offblock\ActualOffBlockTimeBootstrap.cpp">
      <Filter>src\offblock</Filter>
    </ClCompile>
    <ClCompile Include="offblock\ActualOffBlockTimeEventHandler.cpp">
      <Filter>src\offblock</Filter>
    </ClCompile>
    <ClCompile Include="offblock\EstimatedOffBlockTimeEventHandler.cpp">
      <Filter>src\offblock</Filter>
    </ClCompile>
    <ClCompile Include="plugin\FunctionCallEventHandler.cpp">
      <Filter>src\plugin</Filter>
    </ClCompile>
    <ClCompile Include="plugin\UKPlugin.cpp">
      <Filter>src\plugin</Filter>
    </ClCompile>
    <ClCompile Include="plugin\UkPluginBootstrap.cpp">
      <Filter>src\plugin</Filter>
    </ClCompile>
    <ClCompile Include="prenote\AbstractPrenote.cpp">
      <Filter>src\prenote</Filter>
    </ClCompile>
    <ClCompile Include="prenote\AirfieldPairingPrenote.cpp">
      <Filter>src\prenote</Filter>
    </ClCompile>
    <ClCompile Include="prenote\DeparturePrenote.cpp">
      <Filter>src\prenote</Filter>
    </ClCompile>
    <ClCompile Include="prenote\PrenoteEventHandler.cpp">
      <Filter>src\prenote</Filter>
    </ClCompile>
    <ClCompile Include="prenote\PrenoteFactory.cpp">
      <Filter>src\prenote</Filter>
    </ClCompile>
    <ClCompile Include="prenote\PrenoteMessage.cpp">
      <Filter>src\prenote</Filter>
    </ClCompile>
    <ClCompile Include="prenote\PrenoteModule.cpp">
      <Filter>src\prenote</Filter>
    </ClCompile>
    <ClCompile Include="prenote\PrenoteService.cpp">
      <Filter>src\prenote</Filter>
    </ClCompile>
    <ClCompile Include="prenote\PrenoteServiceFactory.cpp">
      <Filter>src\prenote</Filter>
    </ClCompile>
    <ClCompile Include="radarscreen\ConfigurableDisplayCollection.cpp">
      <Filter>src\radarscreen</Filter>
    </ClCompile>
    <ClCompile Include="radarscreen\RadarRenderableCollection.cpp">
      <Filter>src\radarscreen</Filter>
    </ClCompile>
    <ClCompile Include="radarscreen\RadarScreenFactory.cpp">
      <Filter>src\radarscreen</Filter>
    </ClCompile>
    <ClCompile Include="radarscreen\ScreenControls.cpp">
      <Filter>src\radarscreen</Filter>
    </ClCompile>
    <ClCompile Include="radarscreen\ScreenControlsBootstrap.cpp">
      <Filter>src\radarscreen</Filter>
    </ClCompile>
    <ClCompile Include="radarscreen\UKRadarScreen.cpp">
      <Filter>src\radarscreen</Filter>
    </ClCompile>
    <ClCompile Include="squawk\SquawkAssignment.cpp">
      <Filter>src\squawk</Filter>
    </ClCompile>
    <ClCompile Include="squawk\SquawkEventHandler.cpp">
      <Filter>src\squawk</Filter>
    </ClCompile>
    <ClCompile Include="squawk\SquawkGenerator.cpp">
      <Filter>src\squawk</Filter>
    </ClCompile>
    <ClCompile Include="squawk\SquawkModule.cpp">
      <Filter>src\squawk</Filter>
    </ClCompile>
    <ClCompile Include="tag\TagFunction.cpp">
      <Filter>src\tag</Filter>
    </ClCompile>
    <ClCompile Include="tag\TagItemCollection.cpp">
      <Filter>src\tag</Filter>
    </ClCompile>
    <ClCompile Include="task\TaskRunner.cpp">
      <Filter>src\task</Filter>
    </ClCompile>
    <ClCompile Include="timedevent\TimedEventCollection.cpp">
      <Filter>src\timedevent</Filter>
    </ClCompile>
    <ClCompile Include="euroscope\RadarTargetEventHandlerCollection.cpp">
      <Filter>src\euroscope</Filter>
    </ClCompile>
    <ClCompile Include="pch\stdafx.cpp">
      <Filter>src\pch</Filter>
    </ClCompile>
    <ClCompile Include="offblock\EstimatedDepartureTimeEventHandler.cpp">
      <Filter>src\offblock</Filter>
    </ClCompile>
    <ClCompile Include="offblock\EstimatedDepartureTimeBootstrap.cpp">
      <Filter>src\offblock</Filter>
    </ClCompile>
    <ClCompile Include="wake\WakeCategoryMapper.cpp">
      <Filter>src\wake</Filter>
    </ClCompile>
    <ClCompile Include="wake\WakeCategoryEventHandler.cpp">
      <Filter>src\wake</Filter>
    </ClCompile>
    <ClCompile Include="wake\CreateWakeMappings.cpp">
      <Filter>src\wake</Filter>
    </ClCompile>
    <ClCompile Include="wake\WakeModule.cpp">
      <Filter>src\wake</Filter>
    </ClCompile>
    <ClCompile Include="squawk\SquawkRequest.cpp">
      <Filter>src\squawk</Filter>
    </ClCompile>
    <ClCompile Include="hold\CompareHolds.cpp">
      <Filter>src\hold</Filter>
    </ClCompile>
    <ClCompile Include="hold\HoldManager.cpp">
      <Filter>src\hold</Filter>
    </ClCompile>
    <ClCompile Include="hold\CompareHoldingAircraft.cpp">
      <Filter>src\hold</Filter>
    </ClCompile>
    <ClCompile Include="hold\HoldEventHandler.cpp">
      <Filter>src\hold</Filter>
    </ClCompile>
    <ClCompile Include="hold\HoldModule.cpp">
      <Filter>src\hold</Filter>
    </ClCompile>
    <ClCompile Include="hold\HoldDisplayFunctions.cpp">
      <Filter>src\hold</Filter>
    </ClCompile>
    <ClCompile Include="euroscope\UserSettingAwareCollection.cpp">
      <Filter>src\euroscope</Filter>
    </ClCompile>
    <ClCompile Include="euroscope\LoadDefaultUserSettings.cpp">
      <Filter>src\euroscope</Filter>
    </ClCompile>
    <ClCompile Include="squawk\ApiSquawkAllocationHandler.cpp">
      <Filter>src\squawk</Filter>
    </ClCompile>
    <ClCompile Include="hold\HoldSelectionMenu.cpp">
      <Filter>src\hold</Filter>
    </ClCompile>
    <ClCompile Include="controller\TranslateFrequencyAbbreviation.cpp">
      <Filter>src\controller</Filter>
    </ClCompile>
    <ClCompile Include="hold\HoldConfigurationDialog.cpp">
      <Filter>src\hold</Filter>
    </ClCompile>
    <ClCompile Include="hold\HoldingData.cpp">
      <Filter>src\hold</Filter>
    </ClCompile>
    <ClCompile Include="hold\HoldingDataSerializer.cpp">
      <Filter>src\hold</Filter>
    </ClCompile>
    <ClCompile Include="hold\CompareHoldsDescription.cpp">
      <Filter>src\hold</Filter>
    </ClCompile>
    <ClCompile Include="hold\BlockedHoldLevelRestriction.cpp">
      <Filter>src\hold</Filter>
    </ClCompile>
    <ClCompile Include="hold\BlockedHoldLevelRestrictionSerializer.cpp">
      <Filter>src\hold</Filter>
    </ClCompile>
    <ClCompile Include="hold\HoldRestrictionSerializer.cpp">
      <Filter>src\hold</Filter>
    </ClCompile>
    <ClCompile Include="hold\HoldRenderer.cpp">
      <Filter>src\hold</Filter>
    </ClCompile>
    <ClCompile Include="hold\HoldConfigurationMenuItem.cpp">
      <Filter>src\hold</Filter>
    </ClCompile>
    <ClCompile Include="hold\HoldDisplayManager.cpp">
      <Filter>src\hold</Filter>
    </ClCompile>
    <ClCompile Include="metar\PressureMonitor.cpp">
      <Filter>src\metar</Filter>
    </ClCompile>
    <ClCompile Include="metar\MetarParsingFunctions.cpp">
      <Filter>src\metar</Filter>
    </ClCompile>
    <ClCompile Include="metar\PressureChangeMessage.cpp">
      <Filter>src\metar</Filter>
    </ClCompile>
    <ClCompile Include="metar\PressureMonitorBootstrap.cpp">
      <Filter>src\metar</Filter>
    </ClCompile>
    <ClCompile Include="countdown\TimerConfigurationManager.cpp">
      <Filter>src\countdown</Filter>
    </ClCompile>
    <ClCompile Include="countdown\TimerConfigurationDialog.cpp">
      <Filter>src\countdown</Filter>
    </ClCompile>
    <ClCompile Include="countdown\GlobalCountdownSettingFunctions.cpp">
      <Filter>src\countdown</Filter>
    </ClCompile>
    <ClCompile Include="datablock\DatablockBoostrap.cpp">
      <Filter>src\datablock</Filter>
    </ClCompile>
    <ClCompile Include="offblock\EstimatedOffBlockTimeBootstrap.cpp">
      <Filter>src\offblock</Filter>
    </ClCompile>
    <ClCompile Include="radarscreen\PositionResetCommand.cpp">
      <Filter>src\radarscreen</Filter>
    </ClCompile>
    <ClCompile Include="minstack\MinStackRendererConfiguration.cpp">
      <Filter>src\minstack</Filter>
    </ClCompile>
    <ClCompile Include="minstack\MinStackConfigurationDialog.cpp">
      <Filter>src\minstack</Filter>
    </ClCompile>
    <ClCompile Include="hold\MinStackHoldLevelRestriction.cpp">
      <Filter>src\hold</Filter>
    </ClCompile>
    <ClCompile Include="hold\MinStackHoldLevelRestrictionSerializer.cpp">
      <Filter>src\hold</Filter>
    </ClCompile>
    <ClCompile Include="euroscope\EuroscopeSectorFileElementWrapper.cpp">
      <Filter>src\euroscope</Filter>
    </ClCompile>
    <ClCompile Include="sectorfile\SectorFileBootstrap.cpp">
      <Filter>src\sectorfile</Filter>
    </ClCompile>
    <ClCompile Include="sectorfile\RunwayCollection.cpp">
      <Filter>src\sectorfile</Filter>
    </ClCompile>
    <ClCompile Include="sectorfile\Runway.cpp">
      <Filter>src\sectorfile</Filter>
    </ClCompile>
    <ClCompile Include="euroscope\RunwayDialogAwareCollection.cpp">
      <Filter>src\euroscope</Filter>
    </ClCompile>
    <ClCompile Include="handoff\HandoffCollection.cpp">
      <Filter>src\handoff</Filter>
    </ClCompile>
    <ClCompile Include="dependency\UpdateDependencies.cpp">
      <Filter>src\dependency</Filter>
    </ClCompile>
    <ClCompile Include="dependency\DependencyLoader.cpp">
      <Filter>src\dependency</Filter>
    </ClCompile>
    <ClCompile Include="handoff\HandoffModule.cpp">
      <Filter>src\handoff</Filter>
    </ClCompile>
    <ClCompile Include="handoff\HandoffEventHandler.cpp">
      <Filter>src\handoff</Filter>
    </ClCompile>
    <ClCompile Include="handoff\HandoffCollectionFactory.cpp">
      <Filter>src\handoff</Filter>
    </ClCompile>
    <ClCompile Include="controller\ActiveCallsignMonitor.cpp">
      <Filter>src\controller</Filter>
    </ClCompile>
    <ClCompile Include="controller\ControllerBootstrap.cpp">
      <Filter>src\controller</Filter>
    </ClCompile>
    <ClCompile Include="ownership\AirfieldOwnershipManager.cpp">
      <Filter>src\ownership</Filter>
    </ClCompile>
    <ClCompile Include="ownership\AirfieldOwnershipModule.cpp">
      <Filter>src\ownership</Filter>
    </ClCompile>
    <ClCompile Include="airfield\AirfieldModel.cpp">
      <Filter>src\airfield</Filter>
    </ClCompile>
    <ClCompile Include="ownership\AirfieldOwnerQueryMessage.cpp">
      <Filter>src\ownership</Filter>
    </ClCompile>
    <ClCompile Include="ownership\AirfieldsOwnedQueryMessage.cpp">
      <Filter>src\ownership</Filter>
    </ClCompile>
    <ClCompile Include="ownership\AirfieldOwnershipHandler.cpp">
      <Filter>src\ownership</Filter>
    </ClCompile>
    <ClCompile Include="regional\RegionalPressureRendererConfiguration.cpp">
      <Filter>src\regional</Filter>
    </ClCompile>
    <ClCompile Include="regional\RegionalPressureConfigurationDialog.cpp">
      <Filter>src\regional</Filter>
    </ClCompile>
    <ClCompile Include="regional\RegionalPressureManager.cpp">
      <Filter>src\regional</Filter>
    </ClCompile>
    <ClCompile Include="regional\RegionalPressureModule.cpp">
      <Filter>src\regional</Filter>
    </ClCompile>
    <ClCompile Include="regional\RegionalPressureRenderer.cpp">
      <Filter>src\regional</Filter>
    </ClCompile>
    <ClCompile Include="regional\RegionalPressureManagerFactory.cpp">
      <Filter>src\regional</Filter>
    </ClCompile>
    <ClCompile Include="srd\SrdModule.cpp">
      <Filter>src\srd</Filter>
    </ClCompile>
    <ClCompile Include="srd\SrdSearchDialog.cpp">
      <Filter>src\srd</Filter>
    </ClCompile>
    <ClCompile Include="srd\SrdSearchHandler.cpp">
      <Filter>src\srd</Filter>
    </ClCompile>
    <ClCompile Include="intention\SectorExitPointScottish.cpp">
      <Filter>src\intention</Filter>
    </ClCompile>
    <ClCompile Include="datablock\DatablockFunctions.cpp">
      <Filter>src\datablock</Filter>
    </ClCompile>
    <ClCompile Include="navaids\NavaidCollection.cpp">
      <Filter>src\navaids</Filter>
    </ClCompile>
    <ClCompile Include="navaids\CompareNavaids.cpp">
      <Filter>src\navaids</Filter>
    </ClCompile>
    <ClCompile Include="navaids\NavaidModule.cpp">
      <Filter>src\navaids</Filter>
    </ClCompile>
    <ClCompile Include="hold\HoldingAircraft.cpp">
      <Filter>src\hold</Filter>
    </ClCompile>
    <ClCompile Include="hold\PublishedHoldCollection.cpp">
      <Filter>src\hold</Filter>
    </ClCompile>
    <ClCompile Include="hold\PublishedHoldCollectionFactory.cpp">
      <Filter>src\hold</Filter>
    </ClCompile>
    <ClCompile Include="hold\HoldDisplayFactory.cpp">
      <Filter>src\hold</Filter>
    </ClCompile>
    <ClCompile Include="hold\HoldDisplay.cpp">
      <Filter>src\hold</Filter>
    </ClCompile>
    <ClCompile Include="hold\HoldDisplayConfigurationDialog.cpp">
      <Filter>src\hold</Filter>
    </ClCompile>
    <ClCompile Include="sectorfile\SectorFileCoordinates.cpp">
      <Filter>src\sectorfile</Filter>
    </ClCompile>
    <ClCompile Include="stands\StandSerializer.cpp">
      <Filter>src\stands</Filter>
    </ClCompile>
    <ClCompile Include="stands\CompareStands.cpp">
      <Filter>src\stands</Filter>
    </ClCompile>
    <ClCompile Include="releases\ReleaseModule.cpp">
      <Filter>src\releases</Filter>
    </ClCompile>
    <ClCompile Include="releases\EnrouteReleaseTypesSerializer.cpp">
      <Filter>src\releases</Filter>
    </ClCompile>
    <ClCompile Include="tag\TagData.cpp">
      <Filter>src\tag</Filter>
    </ClCompile>
    <ClCompile Include="releases\EnrouteReleaseEventHandler.cpp">
      <Filter>src\releases</Filter>
    </ClCompile>
    <ClCompile Include="releases\CompareEnrouteReleaseTypes.cpp">
      <Filter>src\releases</Filter>
    </ClCompile>
    <ClCompile Include="controller\HandoffEventHandlerCollection.cpp">
      <Filter>src\controller</Filter>
    </ClCompile>
    <ClCompile Include="stands\StandModule.cpp">
      <Filter>src\stands</Filter>
    </ClCompile>
    <ClCompile Include="stands\StandEventHandler.cpp">
      <Filter>src\stands</Filter>
    </ClCompile>
    <ClCompile Include="integration\ExternalMessageEventHandler.cpp">
      <Filter>src\integration</Filter>
    </ClCompile>
    <ClCompile Include="integration\HiddenWindow.cpp">
      <Filter>src\integration</Filter>
    </ClCompile>
    <ClCompile Include="integration\IntegrationModule.cpp">
      <Filter>src\integration</Filter>
    </ClCompile>
    <ClCompile Include="intention\SectorExitPointKonan.cpp">
      <Filter>src\intention</Filter>
    </ClCompile>
    <ClCompile Include="notifications\Notification.cpp">
      <Filter>src\notifications</Filter>
    </ClCompile>
    <ClCompile Include="notifications\NotificationsRepositoryFactory.cpp">
      <Filter>src\notifications</Filter>
    </ClCompile>
    <ClCompile Include="notifications\NotificationsModule.cpp">
      <Filter>src\notifications</Filter>
    </ClCompile>
    <ClCompile Include="notifications\NotificationsRepository.cpp">
      <Filter>src\notifications</Filter>
    </ClCompile>
    <ClCompile Include="time\ParseTimeStrings.cpp">
      <Filter>src\time</Filter>
    </ClCompile>
    <ClCompile Include="notifications\NotificationsMenuItem.cpp">
      <Filter>src\notifications</Filter>
    </ClCompile>
    <ClCompile Include="notifications\NotificationsDialog.cpp">
      <Filter>src\notifications</Filter>
    </ClCompile>
    <ClCompile Include="notifications\NotificationsEventHandler.cpp">
      <Filter>src\notifications</Filter>
    </ClCompile>
    <ClCompile Include="notifications\UnreadNotificationsMessage.cpp">
      <Filter>src\notifications</Filter>
    </ClCompile>
    <ClCompile Include="plugin\PluginInformationMessage.cpp">
      <Filter>src\plugin</Filter>
    </ClCompile>
    <ClCompile Include="plugin\PluginInformationBootstrap.cpp">
      <Filter>src\plugin</Filter>
    </ClCompile>
    <ClCompile Include="plugin\PluginHelpPage.cpp">
      <Filter>src\plugin</Filter>
    </ClCompile>
    <ClCompile Include="flightinformationservice\FlightInformationServiceTagItem.cpp">
      <Filter>src\flightinformationservice</Filter>
    </ClCompile>
    <ClCompile Include="flightinformationservice\FlightInformationServiceModule.cpp">
      <Filter>src\flightinformationservice</Filter>
    </ClCompile>
    <ClCompile Include="hold\DeemedSeparatedHoldSerializer.cpp">
      <Filter>src\hold</Filter>
    </ClCompile>
    <ClCompile Include="api\ApiConfigurationMenuItem.cpp">
      <Filter>src\api</Filter>
    </ClCompile>
    <ClCompile Include="oceanic\OceanicEventHandler.cpp">
      <Filter>src\oceanic</Filter>
    </ClCompile>
    <ClCompile Include="oceanic\OceanicModule.cpp">
      <Filter>src\oceanic</Filter>
    </ClCompile>
    <ClCompile Include="oceanic\OceanicClearanceDialog.cpp">
      <Filter>src\oceanic</Filter>
    </ClCompile>
    <ClCompile Include="sid\StandardInstrumentDeparture.cpp">
      <Filter>src\sid</Filter>
    </ClCompile>
    <ClCompile Include="sid\SidCollection.cpp">
      <Filter>src\sid</Filter>
    </ClCompile>
    <ClCompile Include="sid\SidCollectionFactory.cpp">
      <Filter>src\sid</Filter>
    </ClCompile>
    <ClCompile Include="sid\SidModule.cpp">
      <Filter>src\sid</Filter>
    </ClCompile>
    <ClCompile Include="initialheading\InitialHeadingModule.cpp">
      <Filter>src\initialheading</Filter>
    </ClCompile>
    <ClCompile Include="initialheading\InitialHeadingEventHandler.cpp">
      <Filter>src\initialheading</Filter>
    </ClCompile>
    <ClCompile Include="plugin\PluginChangelog.cpp">
      <Filter>src\plugin</Filter>
    </ClCompile>
    <ClCompile Include="plugin\ForceUpdate.cpp">
      <Filter>src\plugin</Filter>
    </ClCompile>
    <ClCompile Include="euroscope\EuroscopeFlightplanListWrapper.cpp">
      <Filter>src\euroscope</Filter>
    </ClCompile>
    <ClCompile Include="components\ClickableArea.cpp">
      <Filter>src\components</Filter>
    </ClCompile>
    <ClCompile Include="components\StandardButtons.cpp">
      <Filter>src\components</Filter>
    </ClCompile>
    <ClCompile Include="components\TitleBar.cpp">
      <Filter>src\components</Filter>
    </ClCompile>
    <ClCompile Include="components\BrushSwitcher.cpp">
      <Filter>src\components</Filter>
    </ClCompile>
    <ClCompile Include="components\Button.cpp">
      <Filter>src\components</Filter>
    </ClCompile>
    <ClCompile Include="timer\TimerDisplay.cpp">
      <Filter>src\timer</Filter>
    </ClCompile>
    <ClCompile Include="push\PushEventProxyConnection.cpp">
      <Filter>src\push</Filter>
    </ClCompile>
    <ClCompile Include="push\PushEventProxyHandler.cpp">
      <Filter>src\push</Filter>
    </ClCompile>
    <ClCompile Include="push\PushEventProxyWindow.cpp">
      <Filter>src\push</Filter>
    </ClCompile>
    <ClCompile Include="push\PushEventSubscription.cpp">
      <Filter>src\push</Filter>
    </ClCompile>
    <ClCompile Include="push\InterpretPushEvent.cpp">
      <Filter>src\push</Filter>
    </ClCompile>
    <ClCompile Include="push\PollingPushEventConnection.cpp">
      <Filter>src\push</Filter>
    </ClCompile>
    <ClCompile Include="push\PushEventProtocolHandler.cpp">
      <Filter>src\push</Filter>
    </ClCompile>
    <ClCompile Include="push\PushEventBootstrap.cpp">
      <Filter>src\push</Filter>
    </ClCompile>
    <ClCompile Include="push\PushEventProcessorCollection.cpp">
      <Filter>src\push</Filter>
    </ClCompile>
    <ClCompile Include="releases\ApproveDepartureReleaseDialog.cpp">
      <Filter>src\releases</Filter>
    </ClCompile>
    <ClCompile Include="releases\CompareDepartureReleases.cpp">
      <Filter>src\releases</Filter>
    </ClCompile>
    <ClCompile Include="releases\DepartureReleaseRequest.cpp">
      <Filter>src\releases</Filter>
    </ClCompile>
    <ClCompile Include="releases\DepartureReleaseRequestView.cpp">
      <Filter>src\releases</Filter>
    </ClCompile>
    <ClCompile Include="releases\DepartureReleaseDecisionList.cpp">
      <Filter>src\releases</Filter>
    </ClCompile>
    <ClCompile Include="releases\DepartureReleaseEventHandler.cpp">
      <Filter>src\releases</Filter>
    </ClCompile>
    <ClCompile Include="releases\ToggleDepartureReleaseDecisionList.cpp">
      <Filter>src\releases</Filter>
    </ClCompile>
    <ClCompile Include="releases\RequestDepartureReleaseDialog.cpp">
      <Filter>src\releases</Filter>
    </ClCompile>
    <ClCompile Include="releases\DepartureReleaseCountdownColours.cpp">
      <Filter>src\releases</Filter>
    </ClCompile>
    <ClCompile Include="integration\IntegrationClient.cpp">
      <Filter>src\integration</Filter>
    </ClCompile>
    <ClCompile Include="integration\IntegrationServer.cpp">
      <Filter>src\integration</Filter>
    </ClCompile>
    <ClCompile Include="integration\SocketConnection.cpp">
      <Filter>src\integration</Filter>
    </ClCompile>
    <ClCompile Include="integration\IntegrationClientManager.cpp">
      <Filter>src\integration</Filter>
    </ClCompile>
    <ClCompile Include="integration\ClientInitialisationManager.cpp">
      <Filter>src\integration</Filter>
    </ClCompile>
    <ClCompile Include="integration\IntegrationConnection.cpp">
      <Filter>src\integration</Filter>
    </ClCompile>
    <ClCompile Include="integration\InboundMessage.cpp">
      <Filter>src\integration</Filter>
    </ClCompile>
    <ClCompile Include="integration\SocketWrapper.cpp">
      <Filter>src\integration</Filter>
    </ClCompile>
    <ClCompile Include="integration\InitialisationSuccessMessage.cpp">
      <Filter>src\integration</Filter>
    </ClCompile>
    <ClCompile Include="integration\OutboundIntegrationMessageHandler.cpp">
      <Filter>src\integration</Filter>
    </ClCompile>
    <ClCompile Include="integration\InboundIntegrationMessageHandler.cpp">
      <Filter>src\integration</Filter>
    </ClCompile>
    <ClCompile Include="integration\InitialisationFailureMessage.cpp">
      <Filter>src\integration</Filter>
    </ClCompile>
    <ClCompile Include="intention\IntentionCodeUpdatedMessage.cpp">
      <Filter>src\intention</Filter>
    </ClCompile>
    <ClCompile Include="handoff\HandoffFrequencyUpdatedMessage.cpp">
      <Filter>src\handoff</Filter>
    </ClCompile>
    <ClCompile Include="integration\DummyOutboundIntegrationMessageHandler.cpp">
      <Filter>src\integration</Filter>
    </ClCompile>
  </ItemGroup>
</Project>