<?xml version="1.0" encoding="utf-8"?>
<Project ToolsVersion="4.0" xmlns="http://schemas.microsoft.com/developer/msbuild/2003">
  <ItemGroup>
    <Filter Include="updater">
      <UniqueIdentifier>{3863582a-873a-4ca4-bcfa-ee6ef77386b8}</UniqueIdentifier>
    </Filter>
  </ItemGroup>
  <ItemGroup>
    <ClCompile Include="..\..\src\updater\pch.cpp">
      <Filter>updater</Filter>
    </ClCompile>
    <ClCompile Include="..\..\src\updater\updateplugin.cpp">
      <Filter>updater</Filter>
    </ClCompile>
    <ClCompile Include="..\..\src\updater\dllmain.cpp">
      <Filter>updater</Filter>
    </ClCompile>
  </ItemGroup>
  <ItemGroup>
    <ClInclude Include="..\..\src\updater\pch.h">
      <Filter>updater</Filter>
    </ClInclude>
    <ClInclude Include="..\..\src\updater\updateplugin.h">
      <Filter>updater</Filter>
    </ClInclude>
  </ItemGroup>
</Project>