<?xml version="1.0" encoding="utf-8"?>
<Project ToolsVersion="4.0" xmlns="http://schemas.microsoft.com/developer/msbuild/2003">
  <ItemGroup>
    <Filter Include="test">
      <UniqueIdentifier>{f99e0ead-d0b8-4cb4-8fba-be678bbc6a94}</UniqueIdentifier>
    </Filter>
    <Filter Include="test\api">
      <UniqueIdentifier>{2e7e4770-890c-42df-b898-1e1dc663cc32}</UniqueIdentifier>
    </Filter>
    <Filter Include="test\dialog">
      <UniqueIdentifier>{71c5832f-0c06-4bd6-b459-7eb4d6eab077}</UniqueIdentifier>
    </Filter>
    <Filter Include="test\helper">
      <UniqueIdentifier>{226cc1c9-843f-4e76-820d-e0568ecf37fb}</UniqueIdentifier>
    </Filter>
    <Filter Include="test\log">
      <UniqueIdentifier>{716bdde6-0310-4f45-9544-33cd02f4e41d}</UniqueIdentifier>
    </Filter>
    <Filter Include="test\setting">
      <UniqueIdentifier>{ca2c82f7-78b2-4234-9ce9-b2ad4c0085a9}</UniqueIdentifier>
    </Filter>
    <Filter Include="test\squawk">
      <UniqueIdentifier>{a77d1ab1-8c59-4278-8ee6-3b39c8e0701e}</UniqueIdentifier>
    </Filter>
    <Filter Include="test\curl">
      <UniqueIdentifier>{d1824c16-4c4d-4170-878b-5b1a508e233f}</UniqueIdentifier>
    </Filter>
    <Filter Include="test\update">
      <UniqueIdentifier>{20d9b212-c79e-4943-98fb-84548e113762}</UniqueIdentifier>
    </Filter>
    <Filter Include="test\duplicate">
      <UniqueIdentifier>{a2b7eb07-1364-4d45-9612-b2e62a542df4}</UniqueIdentifier>
    </Filter>
    <Filter Include="test\data">
      <UniqueIdentifier>{b6e5cdbb-acdc-4a2c-abdc-24c720bb3a87}</UniqueIdentifier>
    </Filter>
    <Filter Include="test\time">
      <UniqueIdentifier>{64275624-ee9d-4965-8484-c4694d3c9bac}</UniqueIdentifier>
    </Filter>
  </ItemGroup>
  <ItemGroup>
    <ClCompile Include="..\..\test\test\api\ApiAuthCheckerTest.cpp">
      <Filter>test\api</Filter>
    </ClCompile>
    <ClCompile Include="..\..\test\test\api\ApiHelperTest.cpp">
      <Filter>test\api</Filter>
    </ClCompile>
    <ClCompile Include="..\..\test\test\api\ApiRequestBuilderTest.cpp">
      <Filter>test\api</Filter>
    </ClCompile>
    <ClCompile Include="..\..\test\test\api\ApiResponseFactoryTest.cpp">
      <Filter>test\api</Filter>
    </ClCompile>
    <ClCompile Include="..\..\test\test\api\ApiResponseTest.cpp">
      <Filter>test\api</Filter>
    </ClCompile>
    <ClCompile Include="..\..\test\test\api\ApiResponseValidatorTest.cpp">
      <Filter>test\api</Filter>
    </ClCompile>
    <ClCompile Include="$(MSBuildThisFileDirectory)..\..\lib\native\src\gtest\gtest-all.cc" />
    <ClCompile Include="$(MSBuildThisFileDirectory)..\..\lib\native\src\gmock\gmock-all.cc" />
    <ClCompile Include="..\..\test\pch\utilstestpch.cpp" />
    <ClCompile Include="..\..\test\test\dialog\DialogManagerTest.cpp">
      <Filter>test\dialog</Filter>
    </ClCompile>
    <ClCompile Include="..\..\test\test\dialog\CompareDialogsTest.cpp">
      <Filter>test\dialog</Filter>
    </ClCompile>
    <ClCompile Include="..\..\test\test\dialog\DialogDataTest.cpp">
      <Filter>test\dialog</Filter>
    </ClCompile>
    <ClCompile Include="..\..\test\test\helper\HelperFunctionsTest.cpp">
      <Filter>test\helper</Filter>
    </ClCompile>
    <ClCompile Include="..\..\test\test\log\LoggerBootstrapTest.cpp">
      <Filter>test\log</Filter>
    </ClCompile>
    <ClCompile Include="..\..\test\test\setting\SettingRepositoryTest.cpp">
      <Filter>test\setting</Filter>
    </ClCompile>
    <ClCompile Include="..\..\test\test\setting\SettingRepositoryFactoryTest.cpp">
      <Filter>test\setting</Filter>
    </ClCompile>
    <ClCompile Include="..\..\test\test\squawk\SquawkValidatorTest.cpp">
      <Filter>test\squawk</Filter>
    </ClCompile>
    <ClCompile Include="..\..\test\test\curl\CurlResponseTest.cpp">
      <Filter>test\curl</Filter>
    </ClCompile>
    <ClCompile Include="..\..\test\test\curl\CurlRequestTest.cpp">
      <Filter>test\curl</Filter>
    </ClCompile>
    <ClCompile Include="..\..\test\test\update\UpdateBinariesTest.cpp">
      <Filter>test\update</Filter>
    </ClCompile>
    <ClCompile Include="..\..\test\test\duplicate\DuplicatePluginTest.cpp">
      <Filter>test\duplicate</Filter>
    </ClCompile>
    <ClCompile Include="..\..\test\test\data\PluginDataLocationsTest.cpp">
      <Filter>test\data</Filter>
    </ClCompile>
    <ClCompile Include="..\..\test\test\time\SystemClockTest.cpp">
      <Filter>test\time</Filter>
    </ClCompile>
  </ItemGroup>
  <ItemGroup>
    <ClInclude Include="..\..\test\pch\utilstestpch.h" />
  </ItemGroup>
  <ItemGroup>
    <None Include="packages.config" />
  </ItemGroup>
</Project>