<?xml version="1.0" encoding="utf-8"?>
<Project ToolsVersion="4.0" xmlns="http://schemas.microsoft.com/developer/msbuild/2003">
  <ItemGroup>
    <Filter Include="helper">
      <UniqueIdentifier>{46f48545-fe31-4179-86e1-1c2d1192e63c}</UniqueIdentifier>
    </Filter>
    <Filter Include="test\airfield">
      <UniqueIdentifier>{64d79397-3c79-482f-814d-28a7d326c0e8}</UniqueIdentifier>
    </Filter>
    <Filter Include="test">
      <UniqueIdentifier>{f99e0ead-d0b8-4cb4-8fba-be678bbc6a94}</UniqueIdentifier>
    </Filter>
    <Filter Include="test\api">
      <UniqueIdentifier>{2e7e4770-890c-42df-b898-1e1dc663cc32}</UniqueIdentifier>
    </Filter>
    <Filter Include="test\bootstrap">
      <UniqueIdentifier>{425680e6-4ade-4c0d-b62f-d44a24bba2d1}</UniqueIdentifier>
    </Filter>
    <Filter Include="test\command">
      <UniqueIdentifier>{5a05f4d1-668e-49db-9de3-ae1f0af01946}</UniqueIdentifier>
    </Filter>
    <Filter Include="test\controller">
      <UniqueIdentifier>{de2206eb-9e08-4904-a4be-b61bc1338fab}</UniqueIdentifier>
    </Filter>
    <Filter Include="test\countdown">
      <UniqueIdentifier>{750778a5-a6e2-4471-9c4c-3776dd242e0c}</UniqueIdentifier>
    </Filter>
    <Filter Include="test\curl">
      <UniqueIdentifier>{693a502f-de1a-4147-b261-d449532e009d}</UniqueIdentifier>
    </Filter>
    <Filter Include="test\datablock">
      <UniqueIdentifier>{57203cf0-bbc6-46fe-b5f2-db30b201a92c}</UniqueIdentifier>
    </Filter>
    <Filter Include="test\dependency">
      <UniqueIdentifier>{732e0228-7da2-4da4-8d21-57c53f9d8a70}</UniqueIdentifier>
    </Filter>
    <Filter Include="test\euroscope">
      <UniqueIdentifier>{59baaaa2-20f8-452a-83e7-a2dd91f72924}</UniqueIdentifier>
    </Filter>
    <Filter Include="test\flightplan">
      <UniqueIdentifier>{04b8bd42-777a-40b6-af2b-c503b63d15be}</UniqueIdentifier>
    </Filter>
    <Filter Include="test\helper">
      <UniqueIdentifier>{4c7591f8-1857-4f75-ba6e-7e325eac6c7a}</UniqueIdentifier>
    </Filter>
    <Filter Include="test\historytrail">
      <UniqueIdentifier>{f9758cb1-b448-466e-a343-431527c3126c}</UniqueIdentifier>
    </Filter>
    <Filter Include="test\initialaltitude">
      <UniqueIdentifier>{599b61aa-ff25-430f-8bbd-9e63349fc499}</UniqueIdentifier>
    </Filter>
    <Filter Include="test\intention">
      <UniqueIdentifier>{d723eb55-33ad-44d4-b364-f28b1e4b82e0}</UniqueIdentifier>
    </Filter>
    <Filter Include="test\login">
      <UniqueIdentifier>{ff7d0351-16ca-42de-9b3b-41052aacdc15}</UniqueIdentifier>
    </Filter>
    <Filter Include="test\massevent">
      <UniqueIdentifier>{f276b365-76e0-4746-94db-e31e51fce477}</UniqueIdentifier>
    </Filter>
    <Filter Include="test\message">
      <UniqueIdentifier>{995b6f9a-99dc-40ec-8da4-37d21f275161}</UniqueIdentifier>
    </Filter>
    <Filter Include="test\metar">
      <UniqueIdentifier>{1ea2beb8-0830-4f64-9766-2585e979416a}</UniqueIdentifier>
    </Filter>
    <Filter Include="test\minstack">
      <UniqueIdentifier>{54739cf7-b77a-4641-8dcb-465608a67802}</UniqueIdentifier>
    </Filter>
    <Filter Include="test\offblock">
      <UniqueIdentifier>{e3940a79-3472-4d72-a16f-47354eaeff02}</UniqueIdentifier>
    </Filter>
    <Filter Include="test\plugin">
      <UniqueIdentifier>{bdd09019-fa24-45a1-b49f-3035f2a0b536}</UniqueIdentifier>
    </Filter>
    <Filter Include="test\prenote">
      <UniqueIdentifier>{8ee4075e-9b18-4be8-8459-37a0c54e81e4}</UniqueIdentifier>
    </Filter>
    <Filter Include="test\radarscreen">
      <UniqueIdentifier>{ad80bef2-1452-4ae1-81b8-a9e397696f93}</UniqueIdentifier>
    </Filter>
    <Filter Include="test\setting">
      <UniqueIdentifier>{b519b079-25dd-4126-be2c-bc2fb0f215a3}</UniqueIdentifier>
    </Filter>
    <Filter Include="test\squawk">
      <UniqueIdentifier>{e9f7c4c9-d182-4ae7-9f2b-371af399afad}</UniqueIdentifier>
    </Filter>
    <Filter Include="test\tag">
      <UniqueIdentifier>{df308aee-d4d4-407c-9d0a-d6f1af9dc765}</UniqueIdentifier>
    </Filter>
    <Filter Include="test\timedevent">
      <UniqueIdentifier>{03c0475f-5886-44ea-a482-3f281a801f5a}</UniqueIdentifier>
    </Filter>
    <Filter Include="test\update">
      <UniqueIdentifier>{585b4a05-d160-4049-b6aa-0d6da7226b1b}</UniqueIdentifier>
    </Filter>
    <Filter Include="mock">
      <UniqueIdentifier>{bd23a687-c4cc-4aef-9df9-08eb74ef4f97}</UniqueIdentifier>
    </Filter>
    <Filter Include="test\wake">
      <UniqueIdentifier>{8b8dee4d-be2d-4e83-941c-35146c600ea0}</UniqueIdentifier>
    </Filter>
    <Filter Include="test\hold">
      <UniqueIdentifier>{d5e45187-7853-49f0-b2f3-fdeee1d265e7}</UniqueIdentifier>
    </Filter>
  </ItemGroup>
  <ItemGroup>
    <ClCompile Include="..\..\test\helper\ApiRequestHelperFunctions.cpp">
      <Filter>helper</Filter>
    </ClCompile>
    <ClCompile Include="..\..\test\helper\TestingFunctions.cpp">
      <Filter>helper</Filter>
    </ClCompile>
    <ClCompile Include="..\..\test\test\airfield\AirfieldCollectionFactoryTest.cpp">
      <Filter>test\airfield</Filter>
    </ClCompile>
    <ClCompile Include="..\..\test\test\airfield\AirfieldCollectionTest.cpp">
      <Filter>test\airfield</Filter>
    </ClCompile>
    <ClCompile Include="..\..\test\test\airfield\AirfieldTest.cpp">
      <Filter>test\airfield</Filter>
    </ClCompile>
    <ClCompile Include="..\..\test\test\airfield\NormaliseSidTest.cpp">
      <Filter>test\airfield</Filter>
    </ClCompile>
    <ClCompile Include="..\..\test\test\api\ApiAuthCheckerTest.cpp">
      <Filter>test\api</Filter>
    </ClCompile>
    <ClCompile Include="..\..\test\test\api\ApiHelperTest.cpp">
      <Filter>test\api</Filter>
    </ClCompile>
    <ClCompile Include="..\..\test\test\api\ApiRequestBuilderTest.cpp">
      <Filter>test\api</Filter>
    </ClCompile>
    <ClCompile Include="..\..\test\test\api\ApiResponseFactoryTest.cpp">
      <Filter>test\api</Filter>
    </ClCompile>
    <ClCompile Include="..\..\test\test\api\ApiResponseTest.cpp">
      <Filter>test\api</Filter>
    </ClCompile>
    <ClCompile Include="..\..\test\test\api\ApiResponseValidatorTest.cpp">
      <Filter>test\api</Filter>
    </ClCompile>
    <ClCompile Include="..\..\test\test\api\RemoteFileManifestFactoryTest.cpp">
      <Filter>test\api</Filter>
    </ClCompile>
    <ClCompile Include="..\..\test\test\api\RemoteFileManifestTest.cpp">
      <Filter>test\api</Filter>
    </ClCompile>
    <ClCompile Include="..\..\test\test\api\RemoteFileTest.cpp">
      <Filter>test\api</Filter>
    </ClCompile>
    <ClCompile Include="..\..\test\test\bootstrap\BootstrapWarningMessageTest.cpp">
      <Filter>test\bootstrap</Filter>
    </ClCompile>
    <ClCompile Include="..\..\test\test\bootstrap\CollectionBootstrapTest.cpp">
      <Filter>test\bootstrap</Filter>
    </ClCompile>
    <ClCompile Include="..\..\test\test\bootstrap\EventHandlerCollectionBootstrapTest.cpp">
      <Filter>test\bootstrap</Filter>
    </ClCompile>
    <ClCompile Include="..\..\test\test\bootstrap\ExternalsBootstrapTest.cpp">
      <Filter>test\bootstrap</Filter>
    </ClCompile>
    <ClCompile Include="..\..\test\test\command\CommandHandlerCollectionTest.cpp">
      <Filter>test\command</Filter>
    </ClCompile>
    <ClCompile Include="..\..\test\test\controller\ActiveCallsignCollectionTest.cpp">
      <Filter>test\controller</Filter>
    </ClCompile>
    <ClCompile Include="..\..\test\test\controller\ActiveCallsignTest.cpp">
      <Filter>test\controller</Filter>
    </ClCompile>
    <ClCompile Include="..\..\test\test\controller\AirfieldOwnerQueryMessageTest.cpp">
      <Filter>test\controller</Filter>
    </ClCompile>
    <ClCompile Include="..\..\test\test\controller\AirfieldOwnershipManagerTest.cpp">
      <Filter>test\controller</Filter>
    </ClCompile>
    <ClCompile Include="..\..\test\test\controller\AirfieldOwnershipModuleTest.cpp">
      <Filter>test\controller</Filter>
    </ClCompile>
    <ClCompile Include="..\..\test\test\controller\AirfieldsOwnedQueryMessageTest.cpp">
      <Filter>test\controller</Filter>
    </ClCompile>
    <ClCompile Include="..\..\test\test\controller\ControllerAirfieldOwnershipHandlerTest.cpp">
      <Filter>test\controller</Filter>
    </ClCompile>
    <ClCompile Include="..\..\test\test\controller\ControllerPositionCollectionFactoryTest.cpp">
      <Filter>test\controller</Filter>
    </ClCompile>
    <ClCompile Include="..\..\test\test\controller\ControllerPositionCollectionTest.cpp">
      <Filter>test\controller</Filter>
    </ClCompile>
    <ClCompile Include="..\..\test\test\controller\ControllerPositionHierarchyFactoryTest.cpp">
      <Filter>test\controller</Filter>
    </ClCompile>
    <ClCompile Include="..\..\test\test\controller\ControllerPositionHierarchyTest.cpp">
      <Filter>test\controller</Filter>
    </ClCompile>
    <ClCompile Include="..\..\test\test\controller\ControllerPositionParserTest.cpp">
      <Filter>test\controller</Filter>
    </ClCompile>
    <ClCompile Include="..\..\test\test\controller\ControllerPositionTest.cpp">
      <Filter>test\controller</Filter>
    </ClCompile>
    <ClCompile Include="..\..\test\test\controller\ControllerStatusEventHandlerCollectionTest.cpp">
      <Filter>test\controller</Filter>
    </ClCompile>
    <ClCompile Include="..\..\test\test\countdown\CountdownModuleTest.cpp">
      <Filter>test\countdown</Filter>
    </ClCompile>
    <ClCompile Include="..\..\test\test\countdown\CountdownRendererTest.cpp">
      <Filter>test\countdown</Filter>
    </ClCompile>
    <ClCompile Include="..\..\test\test\countdown\CountdownTimerTest.cpp">
      <Filter>test\countdown</Filter>
    </ClCompile>
    <ClCompile Include="..\..\test\test\curl\CurlRequestTest.cpp">
      <Filter>test\curl</Filter>
    </ClCompile>
    <ClCompile Include="..\..\test\test\curl\CurlResponseTest.cpp">
      <Filter>test\curl</Filter>
    </ClCompile>
    <ClCompile Include="..\..\test\test\datablock\DisplayTimeTest.cpp">
      <Filter>test\datablock</Filter>
    </ClCompile>
    <ClCompile Include="..\..\test\test\dependency\DependencyBootstrapTest.cpp">
      <Filter>test\dependency</Filter>
    </ClCompile>
    <ClCompile Include="..\..\test\test\dependency\DependencyCacheFactoryTest.cpp">
      <Filter>test\dependency</Filter>
    </ClCompile>
    <ClCompile Include="..\..\test\test\dependency\DependencyCacheTest.cpp">
      <Filter>test\dependency</Filter>
    </ClCompile>
    <ClCompile Include="..\..\test\test\dependency\LocalFileUpdaterTest.cpp">
      <Filter>test\dependency</Filter>
    </ClCompile>
    <ClCompile Include="..\..\test\test\euroscope\AsrEventHandlerCollectionTest.cpp">
      <Filter>test\euroscope</Filter>
    </ClCompile>
    <ClCompile Include="..\..\test\test\euroscope\CallbackFunctionTest.cpp">
      <Filter>test\euroscope</Filter>
    </ClCompile>
    <ClCompile Include="..\..\test\test\euroscope\CompareFunctionsTest.cpp">
      <Filter>test\euroscope</Filter>
    </ClCompile>
    <ClCompile Include="..\..\test\test\euroscope\GeneralSettingsConfigurationBootstrapTest.cpp">
      <Filter>test\euroscope</Filter>
    </ClCompile>
    <ClCompile Include="..\..\test\test\euroscope\GeneralSettingsConfigurationTest.cpp">
      <Filter>test\euroscope</Filter>
    </ClCompile>
    <ClCompile Include="..\..\test\test\euroscope\RadarTargetEventHandlerCollectionTest.cpp">
      <Filter>test\euroscope</Filter>
    </ClCompile>
    <ClCompile Include="..\..\test\test\flightplan\FlightPlanEventHandlerCollectionTest.cpp">
      <Filter>test\flightplan</Filter>
    </ClCompile>
    <ClCompile Include="..\..\test\test\flightplan\FlightplanStorageBootstrapTest.cpp">
      <Filter>test\flightplan</Filter>
    </ClCompile>
    <ClCompile Include="..\..\test\test\flightplan\StoredFlightplanCollectionTest.cpp">
      <Filter>test\flightplan</Filter>
    </ClCompile>
    <ClCompile Include="..\..\test\test\flightplan\StoredFlightplanEventHandlerTest.cpp">
      <Filter>test\flightplan</Filter>
    </ClCompile>
    <ClCompile Include="..\..\test\test\flightplan\StoredFlightplanTest.cpp">
      <Filter>test\flightplan</Filter>
    </ClCompile>
    <ClCompile Include="..\..\test\test\helper\HelperBootstrapTest.cpp">
      <Filter>test\helper</Filter>
    </ClCompile>
    <ClCompile Include="..\..\test\test\helper\HelperFunctionsTest.cpp">
      <Filter>test\helper</Filter>
    </ClCompile>
    <ClCompile Include="..\..\test\test\historytrail\AircraftHistoryTrailTest.cpp">
      <Filter>test\historytrail</Filter>
    </ClCompile>
    <ClCompile Include="..\..\test\test\historytrail\HistoryTrailEventHandlerTest.cpp">
      <Filter>test\historytrail</Filter>
    </ClCompile>
    <ClCompile Include="..\..\test\test\historytrail\HistoryTrailModuleTest.cpp">
      <Filter>test\historytrail</Filter>
    </ClCompile>
    <ClCompile Include="..\..\test\test\historytrail\HistoryTrailRendererTest.cpp">
      <Filter>test\historytrail</Filter>
    </ClCompile>
    <ClCompile Include="..\..\test\test\historytrail\HistoryTrailRepositoryTest.cpp">
      <Filter>test\historytrail</Filter>
    </ClCompile>
    <ClCompile Include="..\..\test\test\initialaltitude\InitialAltitudeEventHandlerTest.cpp">
      <Filter>test\initialaltitude</Filter>
    </ClCompile>
    <ClCompile Include="..\..\test\test\initialaltitude\InitialAltitudeGeneratorFactoryTest.cpp">
      <Filter>test\initialaltitude</Filter>
    </ClCompile>
    <ClCompile Include="..\..\test\test\initialaltitude\InitialAltitudeGeneratorTest.cpp">
      <Filter>test\initialaltitude</Filter>
    </ClCompile>
    <ClCompile Include="..\..\test\test\initialaltitude\InitialAltitudeModuleTest.cpp">
      <Filter>test\initialaltitude</Filter>
    </ClCompile>
    <ClCompile Include="..\..\test\test\intention\AmsterdamAirfieldGroupTest.cpp">
      <Filter>test\intention</Filter>
    </ClCompile>
    <ClCompile Include="..\..\test\test\intention\BrusselsAirfieldGroupTest.cpp">
      <Filter>test\intention</Filter>
    </ClCompile>
    <ClCompile Include="..\..\test\test\intention\DublinAirfieldGroupTest.cpp">
      <Filter>test\intention</Filter>
    </ClCompile>
    <ClCompile Include="..\..\test\test\intention\HomeAirfieldGroupTest.cpp">
      <Filter>test\intention</Filter>
    </ClCompile>
    <ClCompile Include="..\..\test\test\intention\IntentionCodeCacheTest.cpp">
      <Filter>test\intention</Filter>
    </ClCompile>
    <ClCompile Include="..\..\test\test\intention\IntentionCodeEventHandlerTest.cpp">
      <Filter>test\intention</Filter>
    </ClCompile>
    <ClCompile Include="..\..\test\test\intention\IntentionCodeGeneratorTest.cpp">
      <Filter>test\intention</Filter>
    </ClCompile>
    <ClCompile Include="..\..\test\test\intention\IntentionCodeModuleTest.cpp">
      <Filter>test\intention</Filter>
    </ClCompile>
    <ClCompile Include="..\..\test\test\intention\SectorExitPointEtratTest.cpp">
      <Filter>test\intention</Filter>
    </ClCompile>
    <ClCompile Include="..\..\test\test\intention\SectorExitPointLelnaTest.cpp">
      <Filter>test\intention</Filter>
    </ClCompile>
    <ClCompile Include="..\..\test\test\intention\SectorExitPointShanwickTest.cpp">
      <Filter>test\intention</Filter>
    </ClCompile>
    <ClCompile Include="..\..\test\test\intention\SectorExitPointTest.cpp">
      <Filter>test\intention</Filter>
    </ClCompile>
    <ClCompile Include="..\..\test\test\intention\SectorExitPointVeuleTest.cpp">
      <Filter>test\intention</Filter>
    </ClCompile>
    <ClCompile Include="..\..\test\test\intention\SectorExitRepositoryTest.cpp">
      <Filter>test\intention</Filter>
    </ClCompile>
    <ClCompile Include="..\..\test\test\intention\ShannonAirfieldGroupTest.cpp">
      <Filter>test\intention</Filter>
    </ClCompile>
    <ClCompile Include="..\..\test\test\login\LoginModuleTest.cpp">
      <Filter>test\login</Filter>
    </ClCompile>
    <ClCompile Include="..\..\test\test\login\LoginTest.cpp">
      <Filter>test\login</Filter>
    </ClCompile>
    <ClCompile Include="..\..\test\test\massevent\MassEventTest.cpp">
      <Filter>test\massevent</Filter>
    </ClCompile>
    <ClCompile Include="..\..\test\test\message\UserMessagerBootstrapTest.cpp">
      <Filter>test\message</Filter>
    </ClCompile>
    <ClCompile Include="..\..\test\test\message\UserMessagerTest.cpp">
      <Filter>test\message</Filter>
    </ClCompile>
    <ClCompile Include="..\..\test\test\metar\MetarEventHandlerCollectionTest.cpp">
      <Filter>test\metar</Filter>
    </ClCompile>
    <ClCompile Include="..\..\test\test\minstack\MinStackManagerTest.cpp">
      <Filter>test\minstack</Filter>
    </ClCompile>
    <ClCompile Include="..\..\test\test\minstack\MinStackModuleTest.cpp">
      <Filter>test\minstack</Filter>
    </ClCompile>
    <ClCompile Include="..\..\test\test\minstack\MinStackRendererTest.cpp">
      <Filter>test\minstack</Filter>
    </ClCompile>
    <ClCompile Include="..\..\test\test\minstack\TerminalControlAreaTest.cpp">
      <Filter>test\minstack</Filter>
    </ClCompile>
    <ClCompile Include="..\..\test\test\offblock\ActualOffBlockTimeBootstrapTest.cpp">
      <Filter>test\offblock</Filter>
    </ClCompile>
    <ClCompile Include="..\..\test\test\offblock\ActualOffBlockTimeEventHandlerTest.cpp">
      <Filter>test\offblock</Filter>
    </ClCompile>
    <ClCompile Include="..\..\test\test\offblock\EstimatedOffBlockTimeEventHandlerTest.cpp">
      <Filter>test\offblock</Filter>
    </ClCompile>
    <ClCompile Include="..\..\test\test\plugin\FunctionCallEventHandlerTest.cpp">
      <Filter>test\plugin</Filter>
    </ClCompile>
    <ClCompile Include="..\..\test\test\plugin\PopupMenuItemTest.cpp">
      <Filter>test\plugin</Filter>
    </ClCompile>
    <ClCompile Include="..\..\test\test\plugin\UkPluginBootstrapTest.cpp">
      <Filter>test\plugin</Filter>
    </ClCompile>
    <ClCompile Include="..\..\test\test\prenote\AbstractPrenoteTest.cpp">
      <Filter>test\prenote</Filter>
    </ClCompile>
    <ClCompile Include="..\..\test\test\prenote\AirfieldPairingPrenoteTest.cpp">
      <Filter>test\prenote</Filter>
    </ClCompile>
    <ClCompile Include="..\..\test\test\prenote\DeparturePrenoteTest.cpp">
      <Filter>test\prenote</Filter>
    </ClCompile>
    <ClCompile Include="..\..\test\test\prenote\PrenoteEventHandlerTest.cpp">
      <Filter>test\prenote</Filter>
    </ClCompile>
    <ClCompile Include="..\..\test\test\prenote\PrenoteFactoryTest.cpp">
      <Filter>test\prenote</Filter>
    </ClCompile>
    <ClCompile Include="..\..\test\test\prenote\PrenoteMessageTest.cpp">
      <Filter>test\prenote</Filter>
    </ClCompile>
    <ClCompile Include="..\..\test\test\prenote\PrenoteModuleTest.cpp">
      <Filter>test\prenote</Filter>
    </ClCompile>
    <ClCompile Include="..\..\test\test\prenote\PrenoteServiceFactoryTest.cpp">
      <Filter>test\prenote</Filter>
    </ClCompile>
    <ClCompile Include="..\..\test\test\prenote\PrenoteServiceTest.cpp">
      <Filter>test\prenote</Filter>
    </ClCompile>
    <ClCompile Include="..\..\test\test\radarscreen\ConfigurableDisplayCollectionTest.cpp">
      <Filter>test\radarscreen</Filter>
    </ClCompile>
    <ClCompile Include="..\..\test\test\radarscreen\RadarRenderableCollectionTest.cpp">
      <Filter>test\radarscreen</Filter>
    </ClCompile>
    <ClCompile Include="..\..\test\test\radarscreen\ScreenControlsBootstrapTest.cpp">
      <Filter>test\radarscreen</Filter>
    </ClCompile>
    <ClCompile Include="..\..\test\test\radarscreen\ScreenControlsTest.cpp">
      <Filter>test\radarscreen</Filter>
    </ClCompile>
    <ClCompile Include="..\..\test\test\setting\SettingRepositoryFactoryTest.cpp">
      <Filter>test\setting</Filter>
    </ClCompile>
    <ClCompile Include="..\..\test\test\setting\SettingRepositoryTest.cpp">
      <Filter>test\setting</Filter>
    </ClCompile>
    <ClCompile Include="..\..\test\test\squawk\SquawkAssignmentTest.cpp">
      <Filter>test\squawk</Filter>
    </ClCompile>
    <ClCompile Include="..\..\test\test\squawk\SquawkEventHandlerTest.cpp">
      <Filter>test\squawk</Filter>
    </ClCompile>
    <ClCompile Include="..\..\test\test\squawk\SquawkGeneratorTest.cpp">
      <Filter>test\squawk</Filter>
    </ClCompile>
    <ClCompile Include="..\..\test\test\squawk\SquawkModuleTest.cpp">
      <Filter>test\squawk</Filter>
    </ClCompile>
    <ClCompile Include="..\..\test\test\squawk\SquawkValidatorTest.cpp">
      <Filter>test\squawk</Filter>
    </ClCompile>
    <ClCompile Include="..\..\test\test\tag\TagFunctionTest.cpp">
      <Filter>test\tag</Filter>
    </ClCompile>
    <ClCompile Include="..\..\test\test\tag\TagItemCollectionTest.cpp">
      <Filter>test\tag</Filter>
    </ClCompile>
    <ClCompile Include="..\..\test\test\timedevent\TimedEventCollectionTest.cpp">
      <Filter>test\timedevent</Filter>
    </ClCompile>
    <ClCompile Include="..\..\test\test\update\PluginUpdateCheckerTest.cpp">
      <Filter>test\update</Filter>
    </ClCompile>
    <ClCompile Include="..\..\test\pch\pch.cpp" />
    <ClCompile Include="..\..\test\test\task\TaskRunnerTest.cpp" />
    <ClCompile Include="..\..\test\test\offblock\EstimatedOffBlockTimeBootstrapTest.cpp">
      <Filter>test\offblock</Filter>
    </ClCompile>
    <ClCompile Include="..\..\test\test\bootstrap\DuplicatePluginTest.cpp">
      <Filter>test\bootstrap</Filter>
    </ClCompile>
    <ClCompile Include="..\..\test\test\timedevent\DeferredEventTest.cpp">
      <Filter>test\timedevent</Filter>
    </ClCompile>
    <ClCompile Include="..\..\test\test\timedevent\DeferredEventHandlerTest.cpp">
      <Filter>test\timedevent</Filter>
    </ClCompile>
    <ClCompile Include="..\..\test\test\timedevent\DeferredEventBootstrapTest.cpp">
      <Filter>test\timedevent</Filter>
    </ClCompile>
    <ClCompile Include="..\..\test\test\bootstrap\LocateApiSettingsTest.cpp">
      <Filter>test\bootstrap</Filter>
    </ClCompile>
    <ClCompile Include="..\..\test\test\flightplan\DeferredFlightplanEventTest.cpp">
      <Filter>test\flightplan</Filter>
    </ClCompile>
    <ClCompile Include="..\..\test\helper\InitTests.cpp">
      <Filter>helper</Filter>
    </ClCompile>
    <ClCompile Include="..\..\test\test\offblock\EstimatedDepartureTimeBootstrapTest.cpp">
      <Filter>test\offblock</Filter>
    </ClCompile>
    <ClCompile Include="..\..\test\test\offblock\EstimatedDepartureTimeEventHanderTest.cpp">
      <Filter>test\offblock</Filter>
    </ClCompile>
    <ClCompile Include="..\..\test\test\wake\WakeCategoryMapperTest.cpp">
      <Filter>test\wake</Filter>
    </ClCompile>
    <ClCompile Include="..\..\test\test\wake\WakeCategoryEventHandlerTest.cpp">
      <Filter>test\wake</Filter>
    </ClCompile>
    <ClCompile Include="..\..\test\test\wake\CreateWakeMappingsTest.cpp">
      <Filter>test\wake</Filter>
    </ClCompile>
    <ClCompile Include="..\..\test\test\wake\WakeModuleTest.cpp">
      <Filter>test\wake</Filter>
    </ClCompile>
    <ClCompile Include="..\..\test\test\squawk\SquawkRequestTest.cpp">
      <Filter>test\squawk</Filter>
    </ClCompile>
    <ClCompile Include="..\..\test\test\initialaltitude\CompareInitialAltitudesTest.cpp">
      <Filter>test\initialaltitude</Filter>
    </ClCompile>
    <ClCompile Include="..\..\test\test\initialaltitude\InitialAltitudeDataTest.cpp">
      <Filter>test\initialaltitude</Filter>
    </ClCompile>
    <ClCompile Include="..\..\test\test\hold\HoldingDataTest.cpp">
      <Filter>test\hold</Filter>
    </ClCompile>
    <ClCompile Include="..\..\test\test\hold\CompareHoldsTest.cpp">
      <Filter>test\hold</Filter>
    </ClCompile>
    <ClCompile Include="..\..\test\test\hold\BuildHoldingDataTest.cpp">
      <Filter>test\hold</Filter>
    </ClCompile>
    <ClCompile Include="..\..\test\test\hold\CompareHoldingAircraftTest.cpp">
      <Filter>test\hold</Filter>
    </ClCompile>
    <ClCompile Include="..\..\test\test\hold\HoldManagerTest.cpp">
      <Filter>test\hold</Filter>
    </ClCompile>
    <ClCompile Include="..\..\test\test\hold\HoldEventHandlerTest.cpp">
      <Filter>test\hold</Filter>
    </ClCompile>
    <ClCompile Include="..\..\test\test\hold\HoldModuleTest.cpp">
      <Filter>test\hold</Filter>
    </ClCompile>
    <ClCompile Include="..\..\test\test\hold\HoldDisplayFunctionsTest.cpp">
      <Filter>test\hold</Filter>
    </ClCompile>
    <ClCompile Include="..\..\test\test\hold\HoldDependencyTest.cpp">
      <Filter>test\hold</Filter>
    </ClCompile>
    <ClCompile Include="..\..\test\test\euroscope\UserSettingAwareCollectionTest.cpp">
      <Filter>test\euroscope</Filter>
    </ClCompile>
    <ClCompile Include="..\..\test\test\euroscope\UserSettingTest.cpp">
      <Filter>test\euroscope</Filter>
    </ClCompile>
    <ClCompile Include="..\..\test\test\euroscope\LoadDefaultUserSettingsTest.cpp">
      <Filter>test\euroscope</Filter>
    </ClCompile>
    <ClCompile Include="..\..\test\test\squawk\ApiSquawkAllocationHandlerTest.cpp">
      <Filter>test\squawk</Filter>
    </ClCompile>
    <ClCompile Include="..\..\test\test\squawk\ApiSquawkAllocationTest.cpp">
      <Filter>test\squawk</Filter>
    </ClCompile>
    <ClCompile Include="..\..\test\test\hold\ManagedHoldTest.cpp">
      <Filter>test\hold</Filter>
    </ClCompile>
  </ItemGroup>
  <ItemGroup>
    <ClInclude Include="..\..\test\helper\ApiRequestHelperFunctions.h">
      <Filter>helper</Filter>
    </ClInclude>
    <ClInclude Include="..\..\test\helper\Matchers.h">
      <Filter>helper</Filter>
    </ClInclude>
    <ClInclude Include="..\..\test\helper\TestingFunctions.h">
      <Filter>helper</Filter>
    </ClInclude>
    <ClInclude Include="..\..\test\mock\MockAbstractTimedEvent.h">
      <Filter>mock</Filter>
    </ClInclude>
    <ClInclude Include="..\..\test\mock\MockAirfieldGroup.h">
      <Filter>mock</Filter>
    </ClInclude>
    <ClInclude Include="..\..\test\mock\MockApiInterface.h">
      <Filter>mock</Filter>
    </ClInclude>
    <ClInclude Include="..\..\test\mock\MockAsrEventHandlerInterface.h">
      <Filter>mock</Filter>
    </ClInclude>
    <ClInclude Include="..\..\test\mock\MockConfigurableDisplay.h">
      <Filter>mock</Filter>
    </ClInclude>
    <ClInclude Include="..\..\test\mock\MockControllerStatusEventHandlerInterface.h">
      <Filter>mock</Filter>
    </ClInclude>
    <ClInclude Include="..\..\test\mock\MockCurlApi.h">
      <Filter>mock</Filter>
    </ClInclude>
    <ClInclude Include="..\..\test\mock\MockDependencyLoader.h">
      <Filter>mock</Filter>
    </ClInclude>
    <ClInclude Include="..\..\test\mock\MockEuroScopeCControllerInterface.h">
      <Filter>mock</Filter>
    </ClInclude>
    <ClInclude Include="..\..\test\mock\MockEuroScopeCFlightplanInterface.h">
      <Filter>mock</Filter>
    </ClInclude>
    <ClInclude Include="..\..\test\mock\MockEuroScopeCRadarTargetInterface.h">
      <Filter>mock</Filter>
    </ClInclude>
    <ClInclude Include="..\..\test\mock\MockEuroscopeExtractedRouteInterface.h">
      <Filter>mock</Filter>
    </ClInclude>
    <ClInclude Include="..\..\test\mock\MockEuroscopePluginLoopbackInterface.h">
      <Filter>mock</Filter>
    </ClInclude>
    <ClInclude Include="..\..\test\mock\MockEuroscopeRadarScreenLoopbackInterface.h">
      <Filter>mock</Filter>
    </ClInclude>
    <ClInclude Include="..\..\test\mock\MockFlightPlanEventHandlerInterface.h">
      <Filter>mock</Filter>
    </ClInclude>
    <ClInclude Include="..\..\test\mock\MockGraphicsInterface.h">
      <Filter>mock</Filter>
    </ClInclude>
    <ClInclude Include="..\..\test\mock\MockHistoryTrailDialog.h">
      <Filter>mock</Filter>
    </ClInclude>
    <ClInclude Include="..\..\test\mock\MockHistoryTrailRepository.h">
      <Filter>mock</Filter>
    </ClInclude>
    <ClInclude Include="..\..\test\mock\MockInitialAltitudeEventHandler.h">
      <Filter>mock</Filter>
    </ClInclude>
    <ClInclude Include="..\..\test\mock\MockMinStack.h">
      <Filter>mock</Filter>
    </ClInclude>
    <ClInclude Include="..\..\test\mock\MockRadarRendererableInterface.h">
      <Filter>mock</Filter>
    </ClInclude>
    <ClInclude Include="..\..\test\mock\MockRadarTargetEventHandlerInterface.h">
      <Filter>mock</Filter>
    </ClInclude>
    <ClInclude Include="..\..\test\mock\MockSquawkEventHandler.h">
      <Filter>mock</Filter>
    </ClInclude>
    <ClInclude Include="..\..\test\mock\MockTaskRunnerInterface.h">
      <Filter>mock</Filter>
    </ClInclude>
    <ClInclude Include="..\..\test\mock\MockTerminalControlArea.h">
      <Filter>mock</Filter>
    </ClInclude>
    <ClInclude Include="..\..\test\mock\MockUserSettingProviderInterface.h">
      <Filter>mock</Filter>
    </ClInclude>
    <ClInclude Include="..\..\test\mock\MockWinApi.h">
      <Filter>mock</Filter>
    </ClInclude>
    <ClInclude Include="..\..\test\pch\pch.h" />
    <ClInclude Include="..\..\test\mock\MockDeferredEventRunner.h">
      <Filter>mock</Filter>
    </ClInclude>
    <ClInclude Include="..\..\test\helper\TestEnvironment.h">
      <Filter>helper</Filter>
    </ClInclude>
    <ClInclude Include="..\..\test\test\hold\HoldElementDimensionsTest.h">
      <Filter>test\hold</Filter>
    </ClInclude>
    <ClInclude Include="..\..\test\mock\MockUserSettingAwareInterface.h">
      <Filter>mock</Filter>
    </ClInclude>
  </ItemGroup>
</Project>