<?xml version="1.0" encoding="utf-8"?>
<Project ToolsVersion="16.0" xmlns="http://schemas.microsoft.com/developer/msbuild/2003">
  <ItemGroup>
    <ClCompile Include="E:\Users\Andy\Documents\Projects\uk-controller-plugin\src\loader\CMakeFiles\UKControllerPluginLoader.dir\cmake_pch.cxx">
      <Filter>Source Files</Filter>
    </ClCompile>
    <ClCompile Include="E:\Users\Andy\Documents\Projects\uk-controller-plugin\src\loader\dllmain.cpp">
      <Filter>src</Filter>
    </ClCompile>
    <ClCompile Include="E:\Users\Andy\Documents\Projects\uk-controller-plugin\src\loader\loader\loader.cpp">
      <Filter>src\loader</Filter>
    </ClCompile>
  </ItemGroup>
  <ItemGroup>
    <ClInclude Include="E:\Users\Andy\Documents\Projects\uk-controller-plugin\src\loader\loader\loader.h">
      <Filter>src\loader</Filter>
    </ClInclude>
    <ClInclude Include="E:\Users\Andy\Documents\Projects\uk-controller-plugin\src\loader\CMakeFiles\UKControllerPluginLoader.dir\Debug\cmake_pch.hxx">
      <Filter>Precompile Header File</Filter>
    </ClInclude>
    <ClInclude Include="E:\Users\Andy\Documents\Projects\uk-controller-plugin\src\loader\CMakeFiles\UKControllerPluginLoader.dir\Release\cmake_pch.hxx">
      <Filter>Precompile Header File</Filter>
    </ClInclude>
  </ItemGroup>
  <ItemGroup>
    <CustomBuild Include="E:\Users\Andy\Documents\Projects\uk-controller-plugin\src\loader\CMakeLists.txt" />
  </ItemGroup>
  <ItemGroup>
    <Filter Include="Precompile Header File">
      <UniqueIdentifier>{7E57ECD8-B663-3B08-B034-D872A723F357}</UniqueIdentifier>
    </Filter>
    <Filter Include="Source Files">
      <UniqueIdentifier>{2A83C144-AB1F-36DD-B76C-F1777DA0763F}</UniqueIdentifier>
    </Filter>
    <Filter Include="src">
      <UniqueIdentifier>{D6927929-43D4-3098-94C7-48AEC3AA530D}</UniqueIdentifier>
    </Filter>
    <Filter Include="src\loader">
      <UniqueIdentifier>{A73F041D-1500-3411-B550-3D8C8E38A82F}</UniqueIdentifier>
    </Filter>
  </ItemGroup>
</Project>
