
Microsoft Visual Studio Solution File, Format Version 12.00
# Visual Studio Version 16
VisualStudioVersion = 16.0.29709.97
MinimumVisualStudioVersion = 10.0.40219.1
Project("{2150E333-8FDC-42A3-9474-1A3956D46DE8}") = "Solution Items", "Solution Items", "{A892BAF0-CE86-4EE0-AE4E-ADF6CB909017}"
	ProjectSection(SolutionItems) = preProject
		..\.gitignore = ..\.gitignore
		..\.github\workflows\build.yml = ..\.github\workflows\build.yml
		..\CPPLINT.cfg = ..\CPPLINT.cfg
		..\script\newclass.py = ..\script\newclass.py
		..\docs\TAG_FUNCTIONS.md = ..\docs\TAG_FUNCTIONS.md
		..\docs\TAG_ITEMS.md = ..\docs\TAG_ITEMS.md
		..\template\Template.cpp = ..\template\Template.cpp
		..\template\Template.h = ..\template\Template.h
		..\template\TestTemplate.cpp = ..\template\TestTemplate.cpp
	EndProjectSection
EndProject
Project("{8BC9CEB8-8B4A-11D0-8D11-00A0C91BC942}") = "UKControllerPlugin", "UKControllerPlugin\UKControllerPlugin.vcxproj", "{6F93F8C0-6773-4353-B7DD-B14DBD3F826B}"
EndProject
Project("{8BC9CEB8-8B4A-11D0-8D11-00A0C91BC942}") = "UKControllerPluginTest", "UKControllerPluginTest\UKControllerPluginTest.vcxproj", "{3C70CD05-DD99-406E-85AF-2A966B9CC675}"
EndProject
Global
	GlobalSection(SolutionConfigurationPlatforms) = preSolution
		Debug|x86 = Debug|x86
		Release|x86 = Release|x86
	EndGlobalSection
	GlobalSection(ProjectConfigurationPlatforms) = postSolution
		{6F93F8C0-6773-4353-B7DD-B14DBD3F826B}.Debug|x86.ActiveCfg = Debug|Win32
		{6F93F8C0-6773-4353-B7DD-B14DBD3F826B}.Debug|x86.Build.0 = Debug|Win32
		{6F93F8C0-6773-4353-B7DD-B14DBD3F826B}.Release|x86.ActiveCfg = Release|Win32
		{6F93F8C0-6773-4353-B7DD-B14DBD3F826B}.Release|x86.Build.0 = Release|Win32
		{3C70CD05-DD99-406E-85AF-2A966B9CC675}.Debug|x86.ActiveCfg = Debug|Win32
		{3C70CD05-DD99-406E-85AF-2A966B9CC675}.Debug|x86.Build.0 = Debug|Win32
		{3C70CD05-DD99-406E-85AF-2A966B9CC675}.Release|x86.ActiveCfg = Release|Win32
		{3C70CD05-DD99-406E-85AF-2A966B9CC675}.Release|x86.Build.0 = Release|Win32
	EndGlobalSection
	GlobalSection(SolutionProperties) = preSolution
		HideSolutionNode = FALSE
	EndGlobalSection
	GlobalSection(ExtensibilityGlobals) = postSolution
		SolutionGuid = {E66A8B71-97BA-4E8F-BBF1-625958342CB5}
		BuildVersion_StartDate = 2000/1/1
	EndGlobalSection
	GlobalSection(AutomaticVersions) = postSolution
		PrimaryVersionType = AssemblyInfoVersionAttribute
		UpdateAssemblyVersion = False
		UpdateAssemblyFileVersion = False
		UpdateAssemblyInfoVersion = True
		AssemblyInfoVersionSettings = Increment.Increment.Increment.Increment
	EndGlobalSection
EndGlobal
