<?xml version="1.0" encoding="utf-8"?>
<Project ToolsVersion="16.0" xmlns="http://schemas.microsoft.com/developer/msbuild/2003">
  <ItemGroup>
    <ClCompile Include="E:\Users\Andy\Documents\Projects\uk-controller-plugin\packages\gmock.1.10.0\lib\native\src\gmock\gmock-all.cc">
      <Filter>Source Files</Filter>
    </ClCompile>
    <ClCompile Include="E:\Users\Andy\Documents\Projects\uk-controller-plugin\packages\gmock.1.10.0\lib\native\src\gtest\gtest-all.cc">
      <Filter>Source Files</Filter>
    </ClCompile>
  </ItemGroup>
  <ItemGroup>
    <CustomBuild Include="E:\Users\Andy\Documents\Projects\uk-controller-plugin\test\googlemock\CMakeLists.txt" />
  </ItemGroup>
  <ItemGroup>
    <Filter Include="Source Files">
      <UniqueIdentifier>{2A83C144-AB1F-36DD-B76C-F1777DA0763F}</UniqueIdentifier>
    </Filter>
  </ItemGroup>
</Project>
