<?xml version="1.0" encoding="utf-8"?>
<Project ToolsVersion="16.0" xmlns="http://schemas.microsoft.com/developer/msbuild/2003">
  <ItemGroup>
    <ClCompile Include="E:\Users\Andy\Documents\Projects\uk-controller-plugin\test\utils\CMakeFiles\UKControllerPluginUtilsTest.dir\cmake_pch.cxx">
      <Filter>Source Files</Filter>
    </ClCompile>
    <ClCompile Include="E:\Users\Andy\Documents\Projects\uk-controller-plugin\test\utils\api\ApiAuthCheckerTest.cpp">
      <Filter>test\api</Filter>
    </ClCompile>
    <ClCompile Include="E:\Users\Andy\Documents\Projects\uk-controller-plugin\test\utils\api\ApiHelperTest.cpp">
      <Filter>test\api</Filter>
    </ClCompile>
    <ClCompile Include="E:\Users\Andy\Documents\Projects\uk-controller-plugin\test\utils\api\ApiRequestBuilderTest.cpp">
      <Filter>test\api</Filter>
    </ClCompile>
    <ClCompile Include="E:\Users\Andy\Documents\Projects\uk-controller-plugin\test\utils\api\ApiResponseFactoryTest.cpp">
      <Filter>test\api</Filter>
    </ClCompile>
    <ClCompile Include="E:\Users\Andy\Documents\Projects\uk-controller-plugin\test\utils\api\ApiResponseTest.cpp">
      <Filter>test\api</Filter>
    </ClCompile>
    <ClCompile Include="E:\Users\Andy\Documents\Projects\uk-controller-plugin\test\utils\api\ApiResponseValidatorTest.cpp">
      <Filter>test\api</Filter>
    </ClCompile>
    <ClCompile Include="E:\Users\Andy\Documents\Projects\uk-controller-plugin\test\utils\curl\CurlRequestTest.cpp">
      <Filter>test\curl</Filter>
    </ClCompile>
    <ClCompile Include="E:\Users\Andy\Documents\Projects\uk-controller-plugin\test\utils\curl\CurlResponseTest.cpp">
      <Filter>test\curl</Filter>
    </ClCompile>
    <ClCompile Include="E:\Users\Andy\Documents\Projects\uk-controller-plugin\test\utils\data\PluginDataLocationsTest.cpp">
      <Filter>test\data</Filter>
    </ClCompile>
    <ClCompile Include="E:\Users\Andy\Documents\Projects\uk-controller-plugin\test\utils\dialog\CompareDialogsTest.cpp">
      <Filter>test\dialog</Filter>
    </ClCompile>
    <ClCompile Include="E:\Users\Andy\Documents\Projects\uk-controller-plugin\test\utils\dialog\DialogDataTest.cpp">
      <Filter>test\dialog</Filter>
    </ClCompile>
    <ClCompile Include="E:\Users\Andy\Documents\Projects\uk-controller-plugin\test\utils\dialog\DialogManagerTest.cpp">
      <Filter>test\dialog</Filter>
    </ClCompile>
    <ClCompile Include="E:\Users\Andy\Documents\Projects\uk-controller-plugin\test\utils\duplicate\DuplicatePluginTest.cpp">
      <Filter>test\duplicate</Filter>
    </ClCompile>
    <ClCompile Include="E:\Users\Andy\Documents\Projects\uk-controller-plugin\test\utils\helper\HelperFunctionsTest.cpp">
      <Filter>test\helper</Filter>
    </ClCompile>
    <ClCompile Include="E:\Users\Andy\Documents\Projects\uk-controller-plugin\test\utils\log\LoggerBootstrapTest.cpp">
      <Filter>test\log</Filter>
    </ClCompile>
    <ClCompile Include="E:\Users\Andy\Documents\Projects\uk-controller-plugin\test\utils\pch\pch.cpp">
      <Filter>test\pch</Filter>
    </ClCompile>
    <ClCompile Include="E:\Users\Andy\Documents\Projects\uk-controller-plugin\test\utils\setting\SettingRepositoryFactoryTest.cpp">
      <Filter>test\setting</Filter>
    </ClCompile>
    <ClCompile Include="E:\Users\Andy\Documents\Projects\uk-controller-plugin\test\utils\setting\SettingRepositoryTest.cpp">
      <Filter>test\setting</Filter>
    </ClCompile>
    <ClCompile Include="E:\Users\Andy\Documents\Projects\uk-controller-plugin\test\utils\squawk\SquawkValidatorTest.cpp">
      <Filter>test\squawk</Filter>
    </ClCompile>
    <ClCompile Include="E:\Users\Andy\Documents\Projects\uk-controller-plugin\test\utils\update\UpdateBinariesTest.cpp">
      <Filter>test\update</Filter>
    </ClCompile>
  </ItemGroup>
  <ItemGroup>
    <ClInclude Include="E:\Users\Andy\Documents\Projects\uk-controller-plugin\test\utils\pch\pch.h">
      <Filter>test\pch</Filter>
    </ClInclude>
    <ClInclude Include="E:\Users\Andy\Documents\Projects\uk-controller-plugin\test\utils\CMakeFiles\UKControllerPluginUtilsTest.dir\Debug\cmake_pch.hxx">
      <Filter>Precompile Header File</Filter>
    </ClInclude>
    <ClInclude Include="E:\Users\Andy\Documents\Projects\uk-controller-plugin\test\utils\CMakeFiles\UKControllerPluginUtilsTest.dir\Release\cmake_pch.hxx">
      <Filter>Precompile Header File</Filter>
    </ClInclude>
  </ItemGroup>
  <ItemGroup>
    <CustomBuild Include="E:\Users\Andy\Documents\Projects\uk-controller-plugin\test\utils\CMakeLists.txt" />
  </ItemGroup>
  <ItemGroup>
    <Filter Include="Precompile Header File">
      <UniqueIdentifier>{7E57ECD8-B663-3B08-B034-D872A723F357}</UniqueIdentifier>
    </Filter>
    <Filter Include="Source Files">
      <UniqueIdentifier>{2A83C144-AB1F-36DD-B76C-F1777DA0763F}</UniqueIdentifier>
    </Filter>
    <Filter Include="test">
      <UniqueIdentifier>{C159A514-7563-3163-8879-2BB146D96466}</UniqueIdentifier>
    </Filter>
    <Filter Include="test\api">
      <UniqueIdentifier>{649E06DF-744F-3353-A5E1-10AA81E74085}</UniqueIdentifier>
    </Filter>
    <Filter Include="test\curl">
      <UniqueIdentifier>{910B6221-A0A9-36CD-99DB-0762723AF5CC}</UniqueIdentifier>
    </Filter>
    <Filter Include="test\data">
      <UniqueIdentifier>{7E82AF68-B29E-39FA-B326-96B0990CF289}</UniqueIdentifier>
    </Filter>
    <Filter Include="test\dialog">
      <UniqueIdentifier>{39999F73-59CA-3C11-AE48-71EC3CA19F7B}</UniqueIdentifier>
    </Filter>
    <Filter Include="test\duplicate">
      <UniqueIdentifier>{A6957CC7-4034-3561-B6AB-978FDB59CEB7}</UniqueIdentifier>
    </Filter>
    <Filter Include="test\helper">
      <UniqueIdentifier>{FA7F1DEE-2EA2-3C1E-88A2-3B712D4D72BB}</UniqueIdentifier>
    </Filter>
    <Filter Include="test\log">
      <UniqueIdentifier>{ECAB6945-8069-364D-8E6E-17E819CB6DEC}</UniqueIdentifier>
    </Filter>
    <Filter Include="test\pch">
      <UniqueIdentifier>{D1407148-E775-3753-AA5A-0945D910E249}</UniqueIdentifier>
    </Filter>
    <Filter Include="test\setting">
      <UniqueIdentifier>{A5582E2E-4C10-32E0-B79A-03EEB5725F1A}</UniqueIdentifier>
    </Filter>
    <Filter Include="test\squawk">
      <UniqueIdentifier>{CA51382C-84F5-332D-9801-BBA7CDE2CB68}</UniqueIdentifier>
    </Filter>
    <Filter Include="test\update">
      <UniqueIdentifier>{B9EBE258-0BF0-3359-A635-724BB44115D7}</UniqueIdentifier>
    </Filter>
  </ItemGroup>
</Project>
