<?xml version="1.0" encoding="utf-8"?>
<Project ToolsVersion="4.0" xmlns="http://schemas.microsoft.com/developer/msbuild/2003">
  <ItemGroup>
    <Filter Include="utils">
      <UniqueIdentifier>{daa6b03b-5550-47d6-94a9-4499ea991a42}</UniqueIdentifier>
    </Filter>
    <Filter Include="api">
      <UniqueIdentifier>{8d06d767-8689-4302-9e2c-f001928e60ed}</UniqueIdentifier>
    </Filter>
    <Filter Include="log">
      <UniqueIdentifier>{0eaa45c3-17fc-4dd0-b3d6-f80cfa5ac14b}</UniqueIdentifier>
    </Filter>
    <Filter Include="windows">
      <UniqueIdentifier>{9f91bcb5-2ffb-4742-94bb-8be74d55fc0e}</UniqueIdentifier>
    </Filter>
    <Filter Include="helper">
      <UniqueIdentifier>{38f7a1f9-2355-4f74-82cc-d45c055141b2}</UniqueIdentifier>
    </Filter>
    <Filter Include="squawk">
      <UniqueIdentifier>{5d6aa859-8685-46c1-ae4d-218f700831f7}</UniqueIdentifier>
    </Filter>
    <Filter Include="srd">
      <UniqueIdentifier>{d97f2440-c968-4815-9d30-47d4c15444e2}</UniqueIdentifier>
    </Filter>
    <Filter Include="dialog">
      <UniqueIdentifier>{28fc7b64-2116-4db1-aa5c-52c3754fe4bf}</UniqueIdentifier>
    </Filter>
    <Filter Include="setting">
      <UniqueIdentifier>{1cc172b8-4f57-4f54-8a50-173291a852ee}</UniqueIdentifier>
    </Filter>
    <Filter Include="curl">
      <UniqueIdentifier>{4722456a-342e-49cf-a06e-dd7e88032023}</UniqueIdentifier>
    </Filter>
    <Filter Include="data">
      <UniqueIdentifier>{2dfec82f-06e2-4c84-9af1-d5500400ccca}</UniqueIdentifier>
    </Filter>
    <Filter Include="update">
      <UniqueIdentifier>{e02f14a9-4982-47dc-8ac3-77c039ee27e1}</UniqueIdentifier>
    </Filter>
    <Filter Include="duplicate">
      <UniqueIdentifier>{2e91c81e-5b35-4bf3-9430-b2dc6020d6c5}</UniqueIdentifier>
    </Filter>
    <Filter Include="time">
      <UniqueIdentifier>{aae9d608-f769-4e5c-9af9-6f77e65c6990}</UniqueIdentifier>
    </Filter>
  </ItemGroup>
  <ItemGroup>
    <ClInclude Include="..\..\src\utils\pch.h">
      <Filter>utils</Filter>
    </ClInclude>
    <ClInclude Include="..\..\src\api\ApiException.h">
      <Filter>api</Filter>
    </ClInclude>
    <ClInclude Include="..\..\src\api\ApiHelper.h">
      <Filter>api</Filter>
    </ClInclude>
    <ClInclude Include="..\..\src\api\ApiInterface.h">
      <Filter>api</Filter>
    </ClInclude>
    <ClInclude Include="..\..\src\api\ApiNotAuthorisedException.h">
      <Filter>api</Filter>
    </ClInclude>
    <ClInclude Include="..\..\src\api\ApiNotFoundException.h">
      <Filter>api</Filter>
    </ClInclude>
    <ClInclude Include="..\..\src\api\ApiRequestBuilder.h">
      <Filter>api</Filter>
    </ClInclude>
    <ClInclude Include="..\..\src\api\ApiResponse.h">
      <Filter>api</Filter>
    </ClInclude>
    <ClInclude Include="..\..\src\api\ApiResponseFactory.h">
      <Filter>api</Filter>
    </ClInclude>
    <ClInclude Include="..\..\src\api\ApiResponseValidator.h">
      <Filter>api</Filter>
    </ClInclude>
    <ClInclude Include="..\..\src\log\LoggerFunctions.h">
      <Filter>log</Filter>
    </ClInclude>
    <ClInclude Include="..\..\src\log\LoggerBootstrap.h">
      <Filter>log</Filter>
    </ClInclude>
    <ClInclude Include="..\..\src\windows\WinApi.h">
      <Filter>windows</Filter>
    </ClInclude>
    <ClInclude Include="..\..\src\windows\WinApiInterface.h">
      <Filter>windows</Filter>
    </ClInclude>
    <ClInclude Include="..\..\src\helper\HelperFunctions.h">
      <Filter>helper</Filter>
    </ClInclude>
    <ClInclude Include="..\..\src\squawk\SquawkValidator.h">
      <Filter>squawk</Filter>
    </ClInclude>
    <ClInclude Include="..\..\src\srd\SrdSearchParameters.h">
      <Filter>srd</Filter>
    </ClInclude>
    <ClInclude Include="..\..\src\squawk\ApiSquawkAllocation.h">
      <Filter>squawk</Filter>
    </ClInclude>
    <ClInclude Include="..\..\src\dialog\DialogManager.h">
      <Filter>dialog</Filter>
    </ClInclude>
    <ClInclude Include="..\..\src\dialog\DialogProviderInterface.h">
      <Filter>dialog</Filter>
    </ClInclude>
    <ClInclude Include="..\..\src\dialog\CompareDialogs.h">
      <Filter>dialog</Filter>
    </ClInclude>
    <ClInclude Include="..\..\src\dialog\DialogCallArgument.h">
      <Filter>dialog</Filter>
    </ClInclude>
    <ClInclude Include="..\..\src\dialog\DialogData.h">
      <Filter>dialog</Filter>
    </ClInclude>
    <ClInclude Include="..\..\src\setting\SettingRepositoryFactory.h">
      <Filter>setting</Filter>
    </ClInclude>
    <ClInclude Include="..\..\src\setting\SettingValue.h">
      <Filter>setting</Filter>
    </ClInclude>
    <ClInclude Include="..\..\src\setting\SettingRepository.h">
      <Filter>setting</Filter>
    </ClInclude>
    <ClInclude Include="..\..\src\api\ApiAuthChecker.h">
      <Filter>api</Filter>
    </ClInclude>
    <ClInclude Include="..\..\src\api\LocateApiSettings.h">
      <Filter>api</Filter>
    </ClInclude>
    <ClInclude Include="..\..\src\curl\CurlRequest.h">
      <Filter>curl</Filter>
    </ClInclude>
    <ClInclude Include="..\..\src\curl\CurlResponse.h">
      <Filter>curl</Filter>
    </ClInclude>
    <ClInclude Include="..\..\src\curl\HttpException.h">
      <Filter>curl</Filter>
    </ClInclude>
    <ClInclude Include="..\..\src\curl\CurlApi.h">
      <Filter>curl</Filter>
    </ClInclude>
    <ClInclude Include="..\..\src\curl\CurlInterface.h">
      <Filter>curl</Filter>
    </ClInclude>
    <ClInclude Include="..\..\src\api\ApiBootstrap.h">
      <Filter>api</Filter>
    </ClInclude>
    <ClInclude Include="..\..\src\windows\WinApiBootstrap.h">
      <Filter>windows</Filter>
    </ClInclude>
    <ClInclude Include="..\..\src\data\PluginDataLocations.h">
      <Filter>data</Filter>
    </ClInclude>
    <ClInclude Include="..\..\src\update\UpdateBinaries.h">
      <Filter>update</Filter>
    </ClInclude>
    <ClInclude Include="..\..\src\update\PluginVersion.h">
      <Filter>update</Filter>
    </ClInclude>
    <ClInclude Include="..\..\src\update\LoadChangelog.h">
      <Filter>update</Filter>
    </ClInclude>
    <ClInclude Include="..\..\src\duplicate\DuplicatePlugin.h">
      <Filter>duplicate</Filter>
    </ClInclude>
    <ClInclude Include="..\..\src\time\SystemClock.h">
      <Filter>time</Filter>
    </ClInclude>
  </ItemGroup>
  <ItemGroup>
    <ClCompile Include="..\..\src\utils\pch.cpp">
      <Filter>utils</Filter>
    </ClCompile>
    <ClCompile Include="..\..\src\api\ApiHelper.cpp">
      <Filter>api</Filter>
    </ClCompile>
    <ClCompile Include="..\..\src\api\ApiRequestBuilder.cpp">
      <Filter>api</Filter>
    </ClCompile>
    <ClCompile Include="..\..\src\api\ApiResponse.cpp">
      <Filter>api</Filter>
    </ClCompile>
    <ClCompile Include="..\..\src\api\ApiResponseFactory.cpp">
      <Filter>api</Filter>
    </ClCompile>
    <ClCompile Include="..\..\src\api\ApiResponseValidator.cpp">
      <Filter>api</Filter>
    </ClCompile>
    <ClCompile Include="..\..\src\log\LoggerFunctions.cpp">
      <Filter>log</Filter>
    </ClCompile>
    <ClCompile Include="..\..\src\log\LoggerBootstrap.cpp">
      <Filter>log</Filter>
    </ClCompile>
    <ClCompile Include="..\..\src\windows\WinApi.cpp">
      <Filter>windows</Filter>
    </ClCompile>
    <ClCompile Include="..\..\src\helper\HelperFunctions.cpp">
      <Filter>helper</Filter>
    </ClCompile>
    <ClCompile Include="..\..\src\squawk\SquawkValidator.cpp">
      <Filter>squawk</Filter>
    </ClCompile>
    <ClCompile Include="..\..\src\dialog\DialogManager.cpp">
      <Filter>dialog</Filter>
    </ClCompile>
    <ClCompile Include="..\..\src\dialog\CompareDialogs.cpp">
      <Filter>dialog</Filter>
    </ClCompile>
    <ClCompile Include="..\..\src\setting\SettingRepository.cpp">
      <Filter>setting</Filter>
    </ClCompile>
    <ClCompile Include="..\..\src\setting\SettingRepositoryFactory.cpp">
      <Filter>setting</Filter>
    </ClCompile>
    <ClCompile Include="..\..\src\api\ApiAuthChecker.cpp">
      <Filter>api</Filter>
    </ClCompile>
    <ClCompile Include="..\..\src\api\LocateApiSettings.cpp">
      <Filter>api</Filter>
    </ClCompile>
    <ClCompile Include="..\..\src\curl\CurlResponse.cpp">
      <Filter>curl</Filter>
    </ClCompile>
    <ClCompile Include="..\..\src\curl\CurlApi.cpp">
      <Filter>curl</Filter>
    </ClCompile>
    <ClCompile Include="..\..\src\curl\CurlRequest.cpp">
      <Filter>curl</Filter>
    </ClCompile>
    <ClCompile Include="..\..\src\api\ApiBootstrap.cpp">
      <Filter>api</Filter>
    </ClCompile>
    <ClCompile Include="..\..\src\windows\WinApiBootstrap.cpp">
      <Filter>windows</Filter>
    </ClCompile>
    <ClCompile Include="..\..\src\data\PluginDataLocations.cpp">
      <Filter>data</Filter>
    </ClCompile>
    <ClCompile Include="..\..\src\update\UpdateBinaries.cpp">
      <Filter>update</Filter>
    </ClCompile>
    <ClCompile Include="..\..\src\update\PluginVersion.cpp">
      <Filter>update</Filter>
    </ClCompile>
    <ClCompile Include="..\..\src\update\LoadChangelog.cpp">
      <Filter>update</Filter>
    </ClCompile>
    <ClCompile Include="..\..\src\duplicate\DuplicatePlugin.cpp">
      <Filter>duplicate</Filter>
    </ClCompile>
    <ClCompile Include="..\..\src\time\SystemClock.cpp">
      <Filter>time</Filter>
    </ClCompile>
  </ItemGroup>
</Project>